{
  "name": "vite-plugin-node",
  "version": "0.0.1",
  "lockfileVersion": 2,
  "requires": true,
  "packages": {
    "": {
      "version": "0.0.1",
      "license": "MIT",
      "dependencies": {
        "@swc/core": "^1.2.47",
        "rollup-plugin-swc": "^0.1.4",
        "vite": "^2.0.1",
        "ws": "^7.4.3"
      },
      "devDependencies": {
        "@nestjs/common": "^7.6.13",
        "@types/express": "^4.17.11",
        "@types/express-serve-static-core": "^4.17.18",
        "@types/node": "^14.14.31",
        "@types/ws": "^7.4.0"
      }
    },
    "node_modules/@napi-rs/triples": {
      "version": "1.0.2",
      "resolved": "https://mcapdev.pkgs.visualstudio.com/_packaging/Unity/npm/registry/@napi-rs/triples/-/triples-1.0.2.tgz",
      "integrity": "sha1-LOTGp4VoNYdyAI9WTuUAkJPSChk="
    },
    "node_modules/@nestjs/common": {
      "version": "7.6.13",
      "resolved": "https://mcapdev.pkgs.visualstudio.com/_packaging/Unity/npm/registry/@nestjs/common/-/common-7.6.13.tgz",
      "integrity": "sha1-WXVYr+393rUCH+ihVDJ+4IInmrg=",
      "dev": true,
      "license": "MIT",
      "dependencies": {
        "axios": "0.21.1",
        "iterare": "1.2.1",
        "tslib": "2.1.0",
        "uuid": "8.3.2"
      },
      "funding": {
        "type": "opencollective",
        "url": "https://opencollective.com/nest"
      },
      "peerDependencies": {
        "cache-manager": "*",
        "class-transformer": "*",
        "class-validator": "*",
        "reflect-metadata": "^0.1.12",
        "rxjs": "^6.0.0"
      },
      "peerDependenciesMeta": {
        "cache-manager": {
          "optional": true
        },
        "class-transformer": {
          "optional": true
        },
        "class-validator": {
          "optional": true
        }
      }
    },
    "node_modules/@node-rs/helper": {
      "version": "1.1.0",
      "resolved": "https://mcapdev.pkgs.visualstudio.com/_packaging/Unity/npm/registry/@node-rs/helper/-/helper-1.1.0.tgz",
      "integrity": "sha1-T8u+uuO4GTLR/z5DHHzTiGtQR0I=",
      "dependencies": {
        "@napi-rs/triples": "^1.0.2",
        "tslib": "^2.1.0"
      }
    },
    "node_modules/@swc/core": {
      "version": "1.2.47",
      "resolved": "https://mcapdev.pkgs.visualstudio.com/_packaging/Unity/npm/registry/@swc/core/-/core-1.2.47.tgz",
      "integrity": "sha1-ov2gIdJNgCFBaPry4bmFMppMh3o=",
      "dependencies": {
        "@node-rs/helper": "^1.0.0"
      },
      "engines": {
        "node": ">=10"
      },
      "optionalDependencies": {
        "@swc/core-android-arm64": "^1.2.47",
        "@swc/core-darwin-arm64": "^1.2.47",
        "@swc/core-darwin-x64": "^1.2.47",
        "@swc/core-linux-arm-gnueabihf": "^1.2.47",
        "@swc/core-linux-arm64-gnu": "^1.2.47",
        "@swc/core-linux-x64-gnu": "^1.2.47",
        "@swc/core-linux-x64-musl": "^1.2.47",
        "@swc/core-win32-ia32-msvc": "^1.2.47",
        "@swc/core-win32-x64-msvc": "^1.2.47"
      }
    },
    "node_modules/@swc/core-android-arm64": {
      "version": "1.2.47",
      "resolved": "https://mcapdev.pkgs.visualstudio.com/_packaging/Unity/npm/registry/@swc/core-android-arm64/-/core-android-arm64-1.2.47.tgz",
      "integrity": "sha1-VUEGyEnqookE9/mOTOwEE9cmQqE=",
      "cpu": [
        "arm64"
      ],
      "optional": true,
      "os": [
        "android"
      ],
      "engines": {
        "node": ">=10"
      }
    },
    "node_modules/@swc/core-darwin-arm64": {
      "version": "1.2.47",
      "resolved": "https://mcapdev.pkgs.visualstudio.com/_packaging/Unity/npm/registry/@swc/core-darwin-arm64/-/core-darwin-arm64-1.2.47.tgz",
      "integrity": "sha1-suPlKXspUJF5ij0iRof6qHf9JRw=",
      "cpu": [
        "arm64"
      ],
      "optional": true,
      "os": [
        "darwin"
      ],
      "engines": {
        "node": ">=10"
      }
    },
    "node_modules/@swc/core-darwin-x64": {
      "version": "1.2.47",
      "resolved": "https://mcapdev.pkgs.visualstudio.com/_packaging/Unity/npm/registry/@swc/core-darwin-x64/-/core-darwin-x64-1.2.47.tgz",
      "integrity": "sha1-Do856Zrafd5uz7p0F4BXQ9O6mHw=",
      "cpu": [
        "x64"
      ],
      "optional": true,
      "os": [
        "darwin"
      ],
      "engines": {
        "node": ">=10"
      }
    },
    "node_modules/@swc/core-linux-arm-gnueabihf": {
      "version": "1.2.47",
      "resolved": "https://mcapdev.pkgs.visualstudio.com/_packaging/Unity/npm/registry/@swc/core-linux-arm-gnueabihf/-/core-linux-arm-gnueabihf-1.2.47.tgz",
      "integrity": "sha1-hd/mjzUKt6w/Nrs0RRPbmuNxWFg=",
      "cpu": [
        "arm"
      ],
      "optional": true,
      "os": [
        "linux"
      ],
      "engines": {
        "node": ">=10"
      }
    },
    "node_modules/@swc/core-linux-arm64-gnu": {
      "version": "1.2.47",
      "resolved": "https://mcapdev.pkgs.visualstudio.com/_packaging/Unity/npm/registry/@swc/core-linux-arm64-gnu/-/core-linux-arm64-gnu-1.2.47.tgz",
      "integrity": "sha1-gu46T+ql4/606AZTf8F4S7Aelzw=",
      "cpu": [
        "arm64"
      ],
      "optional": true,
      "os": [
        "linux"
      ],
      "engines": {
        "node": ">=10"
      }
    },
    "node_modules/@swc/core-linux-x64-gnu": {
      "version": "1.2.47",
      "resolved": "https://mcapdev.pkgs.visualstudio.com/_packaging/Unity/npm/registry/@swc/core-linux-x64-gnu/-/core-linux-x64-gnu-1.2.47.tgz",
      "integrity": "sha1-emzr2F8avQJYNDiZ/tcc+zLgv0g=",
      "cpu": [
        "x64"
      ],
      "optional": true,
      "os": [
        "linux"
      ],
      "engines": {
        "node": ">=10"
      }
    },
    "node_modules/@swc/core-linux-x64-musl": {
      "version": "1.2.47",
      "resolved": "https://mcapdev.pkgs.visualstudio.com/_packaging/Unity/npm/registry/@swc/core-linux-x64-musl/-/core-linux-x64-musl-1.2.47.tgz",
      "integrity": "sha1-WO0T1PHVg4VtH6O/PcMoH7kMYUo=",
      "cpu": [
        "x64"
      ],
      "optional": true,
      "os": [
        "linux"
      ],
      "engines": {
        "node": ">=10"
      }
    },
    "node_modules/@swc/core-win32-ia32-msvc": {
      "version": "1.2.47",
      "resolved": "https://mcapdev.pkgs.visualstudio.com/_packaging/Unity/npm/registry/@swc/core-win32-ia32-msvc/-/core-win32-ia32-msvc-1.2.47.tgz",
      "integrity": "sha1-i4/eu5G6skoSMVg9EaYpf5Qncdo=",
      "cpu": [
        "ia32"
      ],
      "optional": true,
      "os": [
        "win32"
      ],
      "engines": {
        "node": ">=10"
      }
    },
    "node_modules/@swc/core-win32-x64-msvc": {
      "version": "1.2.47",
      "resolved": "https://mcapdev.pkgs.visualstudio.com/_packaging/Unity/npm/registry/@swc/core-win32-x64-msvc/-/core-win32-x64-msvc-1.2.47.tgz",
      "integrity": "sha1-wUS+BBAuTgV1oOcYmydximYO4MU=",
      "cpu": [
        "x64"
      ],
      "optional": true,
      "os": [
        "win32"
      ],
      "engines": {
        "node": ">=10"
      }
    },
    "node_modules/@types/body-parser": {
      "version": "1.19.0",
      "resolved": "https://mcapdev.pkgs.visualstudio.com/_packaging/Unity/npm/registry/@types/body-parser/-/body-parser-1.19.0.tgz",
      "integrity": "sha1-BoWzxH6zAG/+0RfN1VFkth+AU48=",
      "dev": true,
      "license": "MIT",
      "dependencies": {
        "@types/connect": "*",
        "@types/node": "*"
      }
    },
    "node_modules/@types/connect": {
      "version": "3.4.34",
      "resolved": "https://mcapdev.pkgs.visualstudio.com/_packaging/Unity/npm/registry/@types/connect/-/connect-3.4.34.tgz",
      "integrity": "sha1-FwpAIjptZmAG2TyhKK8r6x2bGQE=",
      "dev": true,
      "license": "MIT",
      "dependencies": {
        "@types/node": "*"
      }
    },
    "node_modules/@types/express": {
      "version": "4.17.11",
      "resolved": "https://mcapdev.pkgs.visualstudio.com/_packaging/Unity/npm/registry/@types/express/-/express-4.17.11.tgz",
      "integrity": "sha1-3r48qm+OX82pa0e9VOL0DE7llUU=",
      "dev": true,
      "license": "MIT",
      "dependencies": {
        "@types/body-parser": "*",
        "@types/express-serve-static-core": "^4.17.18",
        "@types/qs": "*",
        "@types/serve-static": "*"
      }
    },
    "node_modules/@types/express-serve-static-core": {
      "version": "4.17.18",
      "resolved": "https://mcapdev.pkgs.visualstudio.com/_packaging/Unity/npm/registry/@types/express-serve-static-core/-/express-serve-static-core-4.17.18.tgz",
      "integrity": "sha1-g3HiYPQODhygwRapr82UJvoJTEA=",
      "dev": true,
      "license": "MIT",
      "dependencies": {
        "@types/node": "*",
        "@types/qs": "*",
        "@types/range-parser": "*"
      }
    },
    "node_modules/@types/mime": {
      "version": "1.3.2",
      "resolved": "https://mcapdev.pkgs.visualstudio.com/_packaging/Unity/npm/registry/@types/mime/-/mime-1.3.2.tgz",
      "integrity": "sha1-k+Jb+e51/g/YC1lLxP6w6GIRG1o=",
      "dev": true,
      "license": "MIT"
    },
    "node_modules/@types/node": {
      "version": "14.14.31",
      "resolved": "https://mcapdev.pkgs.visualstudio.com/_packaging/Unity/npm/registry/@types/node/-/node-14.14.31.tgz",
      "integrity": "sha1-cihr0z0TeqDRUtR+x8F2JWPTQFU=",
      "dev": true
    },
    "node_modules/@types/qs": {
      "version": "6.9.5",
      "resolved": "https://mcapdev.pkgs.visualstudio.com/_packaging/Unity/npm/registry/@types/qs/-/qs-6.9.5.tgz",
      "integrity": "sha1-Q0cRvdSete5p2QwdZ8NUqajssYs=",
      "dev": true,
      "license": "MIT"
    },
    "node_modules/@types/range-parser": {
      "version": "1.2.3",
      "resolved": "https://mcapdev.pkgs.visualstudio.com/_packaging/Unity/npm/registry/@types/range-parser/-/range-parser-1.2.3.tgz",
      "integrity": "sha1-fuMwunyq+5gJC+zoal7kQRWQTCw=",
      "dev": true,
      "license": "MIT"
    },
    "node_modules/@types/serve-static": {
      "version": "1.13.9",
      "resolved": "https://mcapdev.pkgs.visualstudio.com/_packaging/Unity/npm/registry/@types/serve-static/-/serve-static-1.13.9.tgz",
      "integrity": "sha1-qs8oqFoF7imhH7fD6tk1rFbzPk4=",
      "dev": true,
      "license": "MIT",
      "dependencies": {
        "@types/mime": "^1",
        "@types/node": "*"
      }
    },
    "node_modules/@types/ws": {
      "version": "7.4.0",
      "resolved": "https://mcapdev.pkgs.visualstudio.com/_packaging/Unity/npm/registry/@types/ws/-/ws-7.4.0.tgz",
      "integrity": "sha1-SZaQ6ghzbgWoGGET2sN3aaslGg4=",
      "dev": true,
      "dependencies": {
        "@types/node": "*"
      }
    },
    "node_modules/axios": {
      "version": "0.21.1",
      "resolved": "https://mcapdev.pkgs.visualstudio.com/_packaging/Unity/npm/registry/axios/-/axios-0.21.1.tgz",
      "integrity": "sha1-IlY0gZYvTWvemnbVFu8OXTwJsrg=",
      "dev": true,
      "license": "MIT",
      "dependencies": {
        "follow-redirects": "^1.10.0"
      }
    },
    "node_modules/colorette": {
      "version": "1.2.1",
      "resolved": "https://mcapdev.pkgs.visualstudio.com/_packaging/Unity/npm/registry/colorette/-/colorette-1.2.1.tgz",
      "integrity": "sha1-TQuSEyXBT6+SYzCGpTbbbolWSxs="
    },
    "node_modules/esbuild": {
      "version": "0.8.50",
      "resolved": "https://mcapdev.pkgs.visualstudio.com/_packaging/Unity/npm/registry/esbuild/-/esbuild-0.8.50.tgz",
      "integrity": "sha1-6/JP3gza0aNpeJ3W/XqCCwoB5Gw=",
      "bin": {
        "esbuild": "bin/esbuild"
      }
    },
    "node_modules/follow-redirects": {
      "version": "1.13.2",
      "resolved": "https://mcapdev.pkgs.visualstudio.com/_packaging/Unity/npm/registry/follow-redirects/-/follow-redirects-1.13.2.tgz",
      "integrity": "sha1-3XPI7/wScoulz0JZ12DqX7g+MUc=",
      "dev": true,
      "funding": [
        {
          "type": "individual",
          "url": "https://github.com/sponsors/RubenVerborgh"
        }
      ],
      "license": "MIT",
      "engines": {
        "node": ">=4.0"
      },
      "peerDependenciesMeta": {
        "debug": {
          "optional": true
        }
      }
    },
    "node_modules/fsevents": {
      "version": "2.3.2",
      "resolved": "https://mcapdev.pkgs.visualstudio.com/_packaging/Unity/npm/registry/fsevents/-/fsevents-2.3.2.tgz",
      "integrity": "sha1-ilJveLj99GI7cJ4Ll1xSwkwC/Ro=",
      "optional": true,
      "os": [
        "darwin"
      ],
      "engines": {
        "node": "^8.16.0 || ^10.6.0 || >=11.0.0"
      }
    },
    "node_modules/function-bind": {
      "version": "1.1.1",
      "resolved": "https://mcapdev.pkgs.visualstudio.com/_packaging/Unity/npm/registry/function-bind/-/function-bind-1.1.1.tgz",
      "integrity": "sha1-pWiZ0+o8m6uHS7l3O3xe3pL0iV0="
    },
    "node_modules/has": {
      "version": "1.0.3",
      "resolved": "https://mcapdev.pkgs.visualstudio.com/_packaging/Unity/npm/registry/has/-/has-1.0.3.tgz",
      "integrity": "sha1-ci18v8H2qoJB8W3YFOAR4fQeh5Y=",
      "dependencies": {
        "function-bind": "^1.1.1"
      },
      "engines": {
        "node": ">= 0.4.0"
      }
    },
    "node_modules/is-core-module": {
      "version": "2.2.0",
      "resolved": "https://mcapdev.pkgs.visualstudio.com/_packaging/Unity/npm/registry/is-core-module/-/is-core-module-2.2.0.tgz",
      "integrity": "sha1-lwN+89UiJNhRY/VZeytj2a/tmBo=",
      "dependencies": {
        "has": "^1.0.3"
      }
    },
    "node_modules/iterare": {
      "version": "1.2.1",
      "resolved": "https://mcapdev.pkgs.visualstudio.com/_packaging/Unity/npm/registry/iterare/-/iterare-1.2.1.tgz",
      "integrity": "sha1-E5xAD/c2NpDjOr/6M8u6iSDwAEI=",
      "dev": true,
      "license": "ISC",
      "engines": {
        "node": ">=6"
      }
    },
    "node_modules/nanoid": {
      "version": "3.1.20",
      "resolved": "https://mcapdev.pkgs.visualstudio.com/_packaging/Unity/npm/registry/nanoid/-/nanoid-3.1.20.tgz",
      "integrity": "sha1-utwmPGsdzxS3HvqoX2q0wdbPx4g=",
      "bin": {
        "nanoid": "bin/nanoid.cjs"
      },
      "engines": {
        "node": "^10 || ^12 || ^13.7 || ^14 || >=15.0.1"
      }
    },
    "node_modules/path-parse": {
      "version": "1.0.6",
      "resolved": "https://mcapdev.pkgs.visualstudio.com/_packaging/Unity/npm/registry/path-parse/-/path-parse-1.0.6.tgz",
      "integrity": "sha1-1i27VnlAXXLEc37FhgDp3c8G0kw="
    },
    "node_modules/postcss": {
      "version": "8.2.6",
      "resolved": "https://mcapdev.pkgs.visualstudio.com/_packaging/Unity/npm/registry/postcss/-/postcss-8.2.6.tgz",
      "integrity": "sha1-XWmpdFQ7Rfh+RkvEw+OSqX1r6f4=",
      "dependencies": {
        "colorette": "^1.2.1",
        "nanoid": "^3.1.20",
        "source-map": "^0.6.1"
      },
      "engines": {
        "node": "^10 || ^12 || >=14"
      }
    },
    "node_modules/reflect-metadata": {
      "version": "0.1.13",
      "resolved": "https://mcapdev.pkgs.visualstudio.com/_packaging/Unity/npm/registry/reflect-metadata/-/reflect-metadata-0.1.13.tgz",
      "integrity": "sha1-Z648pXyXKiqhZCsQ/jY/4y1J3Ag=",
      "dev": true,
      "license": "Apache-2.0",
      "peer": true
    },
    "node_modules/resolve": {
      "version": "1.20.0",
      "resolved": "https://mcapdev.pkgs.visualstudio.com/_packaging/Unity/npm/registry/resolve/-/resolve-1.20.0.tgz",
      "integrity": "sha1-YpoBP7P3B1XW8LeTXMHCxTeLGXU=",
      "dependencies": {
        "is-core-module": "^2.2.0",
        "path-parse": "^1.0.6"
      }
    },
    "node_modules/rollup": {
      "version": "2.39.0",
      "resolved": "https://mcapdev.pkgs.visualstudio.com/_packaging/Unity/npm/registry/rollup/-/rollup-2.39.0.tgz",
      "integrity": "sha1-vk+YyeQheTqP7ILIVPtWfDXiKrY=",
      "bin": {
        "rollup": "dist/bin/rollup"
      },
      "engines": {
        "node": ">=10.0.0"
      },
      "optionalDependencies": {
        "fsevents": "~2.3.1"
      }
    },
    "node_modules/rollup-plugin-swc": {
      "version": "0.1.4",
      "resolved": "https://mcapdev.pkgs.visualstudio.com/_packaging/Unity/npm/registry/rollup-plugin-swc/-/rollup-plugin-swc-0.1.4.tgz",
      "integrity": "sha1-Dj7PLtkzJXv1qHGvkUK2GEw33Tc="
    },
    "node_modules/rxjs": {
      "version": "6.6.3",
      "resolved": "https://mcapdev.pkgs.visualstudio.com/_packaging/Unity/npm/registry/rxjs/-/rxjs-6.6.3.tgz",
      "integrity": "sha1-jKhGNcTaqQDA05Z6buesYCce5VI=",
      "dev": true,
      "license": "Apache-2.0",
      "peer": true,
      "dependencies": {
        "tslib": "^1.9.0"
      },
      "engines": {
        "npm": ">=2.0.0"
      }
    },
    "node_modules/rxjs/node_modules/tslib": {
      "version": "1.14.1",
      "resolved": "https://mcapdev.pkgs.visualstudio.com/_packaging/Unity/npm/registry/tslib/-/tslib-1.14.1.tgz",
      "integrity": "sha1-zy04vcNKE0vK8QkcQfZhni9nLQA=",
      "dev": true,
      "license": "0BSD",
      "peer": true
    },
    "node_modules/source-map": {
      "version": "0.6.1",
      "resolved": "https://mcapdev.pkgs.visualstudio.com/_packaging/Unity/npm/registry/source-map/-/source-map-0.6.1.tgz",
      "integrity": "sha1-dHIq8y6WFOnCh6jQu95IteLxomM=",
      "engines": {
        "node": ">=0.10.0"
      }
    },
    "node_modules/tslib": {
      "version": "2.1.0",
      "resolved": "https://mcapdev.pkgs.visualstudio.com/_packaging/Unity/npm/registry/tslib/-/tslib-2.1.0.tgz",
      "integrity": "sha1-2mCGDxwuyqVwOrfTm8Bba/mIuXo="
    },
    "node_modules/uuid": {
      "version": "8.3.2",
      "resolved": "https://mcapdev.pkgs.visualstudio.com/_packaging/Unity/npm/registry/uuid/-/uuid-8.3.2.tgz",
      "integrity": "sha1-gNW1ztJxu5r2xEXyGhoExgbO++I=",
      "dev": true,
      "license": "MIT",
      "bin": {
        "uuid": "dist/bin/uuid"
      }
    },
    "node_modules/vite": {
      "version": "2.0.1",
      "resolved": "https://mcapdev.pkgs.visualstudio.com/_packaging/Unity/npm/registry/vite/-/vite-2.0.1.tgz",
      "integrity": "sha1-NI/FwN5RCqkL0B7Ph98hDOdBs44=",
      "dependencies": {
        "esbuild": "^0.8.34",
        "postcss": "^8.2.1",
        "resolve": "^1.19.0",
        "rollup": "^2.38.5"
      },
      "bin": {
        "vite": "bin/vite.js"
      },
      "engines": {
        "node": ">=12.0.0"
      },
      "optionalDependencies": {
        "fsevents": "~2.3.1"
      }
    },
    "node_modules/ws": {
      "version": "7.4.3",
      "resolved": "https://mcapdev.pkgs.visualstudio.com/_packaging/Unity/npm/registry/ws/-/ws-7.4.3.tgz",
      "integrity": "sha1-H5ZD3jSlQ7jtsSS9y8RXrlWm5c0=",
      "engines": {
        "node": ">=8.3.0"
      }
    }
  },
  "dependencies": {
    "@napi-rs/triples": {
      "version": "1.0.2",
      "resolved": "https://mcapdev.pkgs.visualstudio.com/_packaging/Unity/npm/registry/@napi-rs/triples/-/triples-1.0.2.tgz",
      "integrity": "sha1-LOTGp4VoNYdyAI9WTuUAkJPSChk="
    },
    "@nestjs/common": {
      "version": "7.6.13",
      "resolved": "https://mcapdev.pkgs.visualstudio.com/_packaging/Unity/npm/registry/@nestjs/common/-/common-7.6.13.tgz",
      "integrity": "sha1-WXVYr+393rUCH+ihVDJ+4IInmrg=",
      "dev": true,
      "requires": {
        "axios": "0.21.1",
        "iterare": "1.2.1",
        "tslib": "2.1.0",
        "uuid": "8.3.2"
      }
    },
    "@node-rs/helper": {
      "version": "1.1.0",
      "resolved": "https://mcapdev.pkgs.visualstudio.com/_packaging/Unity/npm/registry/@node-rs/helper/-/helper-1.1.0.tgz",
      "integrity": "sha1-T8u+uuO4GTLR/z5DHHzTiGtQR0I=",
      "requires": {
        "@napi-rs/triples": "^1.0.2",
        "tslib": "^2.1.0"
      }
    },
    "@swc/core": {
      "version": "1.2.47",
      "resolved": "https://mcapdev.pkgs.visualstudio.com/_packaging/Unity/npm/registry/@swc/core/-/core-1.2.47.tgz",
      "integrity": "sha1-ov2gIdJNgCFBaPry4bmFMppMh3o=",
      "requires": {
        "@node-rs/helper": "^1.0.0",
        "@swc/core-android-arm64": "^1.2.47",
        "@swc/core-darwin-arm64": "^1.2.47",
        "@swc/core-darwin-x64": "^1.2.47",
        "@swc/core-linux-arm-gnueabihf": "^1.2.47",
        "@swc/core-linux-arm64-gnu": "^1.2.47",
        "@swc/core-linux-x64-gnu": "^1.2.47",
        "@swc/core-linux-x64-musl": "^1.2.47",
        "@swc/core-win32-ia32-msvc": "^1.2.47",
        "@swc/core-win32-x64-msvc": "^1.2.47"
      }
    },
    "@swc/core-android-arm64": {
      "version": "1.2.47",
      "resolved": "https://mcapdev.pkgs.visualstudio.com/_packaging/Unity/npm/registry/@swc/core-android-arm64/-/core-android-arm64-1.2.47.tgz",
      "integrity": "sha1-VUEGyEnqookE9/mOTOwEE9cmQqE=",
      "optional": true
    },
    "@swc/core-darwin-arm64": {
      "version": "1.2.47",
      "resolved": "https://mcapdev.pkgs.visualstudio.com/_packaging/Unity/npm/registry/@swc/core-darwin-arm64/-/core-darwin-arm64-1.2.47.tgz",
      "integrity": "sha1-suPlKXspUJF5ij0iRof6qHf9JRw=",
      "optional": true
    },
    "@swc/core-darwin-x64": {
      "version": "1.2.47",
      "resolved": "https://mcapdev.pkgs.visualstudio.com/_packaging/Unity/npm/registry/@swc/core-darwin-x64/-/core-darwin-x64-1.2.47.tgz",
      "integrity": "sha1-Do856Zrafd5uz7p0F4BXQ9O6mHw=",
      "optional": true
    },
    "@swc/core-linux-arm-gnueabihf": {
      "version": "1.2.47",
      "resolved": "https://mcapdev.pkgs.visualstudio.com/_packaging/Unity/npm/registry/@swc/core-linux-arm-gnueabihf/-/core-linux-arm-gnueabihf-1.2.47.tgz",
      "integrity": "sha1-hd/mjzUKt6w/Nrs0RRPbmuNxWFg=",
      "optional": true
    },
    "@swc/core-linux-arm64-gnu": {
      "version": "1.2.47",
      "resolved": "https://mcapdev.pkgs.visualstudio.com/_packaging/Unity/npm/registry/@swc/core-linux-arm64-gnu/-/core-linux-arm64-gnu-1.2.47.tgz",
      "integrity": "sha1-gu46T+ql4/606AZTf8F4S7Aelzw=",
      "optional": true
    },
    "@swc/core-linux-x64-gnu": {
      "version": "1.2.47",
      "resolved": "https://mcapdev.pkgs.visualstudio.com/_packaging/Unity/npm/registry/@swc/core-linux-x64-gnu/-/core-linux-x64-gnu-1.2.47.tgz",
      "integrity": "sha1-emzr2F8avQJYNDiZ/tcc+zLgv0g=",
      "optional": true
    },
    "@swc/core-linux-x64-musl": {
      "version": "1.2.47",
      "resolved": "https://mcapdev.pkgs.visualstudio.com/_packaging/Unity/npm/registry/@swc/core-linux-x64-musl/-/core-linux-x64-musl-1.2.47.tgz",
      "integrity": "sha1-WO0T1PHVg4VtH6O/PcMoH7kMYUo=",
      "optional": true
    },
    "@swc/core-win32-ia32-msvc": {
      "version": "1.2.47",
      "resolved": "https://mcapdev.pkgs.visualstudio.com/_packaging/Unity/npm/registry/@swc/core-win32-ia32-msvc/-/core-win32-ia32-msvc-1.2.47.tgz",
      "integrity": "sha1-i4/eu5G6skoSMVg9EaYpf5Qncdo=",
      "optional": true
    },
    "@swc/core-win32-x64-msvc": {
      "version": "1.2.47",
      "resolved": "https://mcapdev.pkgs.visualstudio.com/_packaging/Unity/npm/registry/@swc/core-win32-x64-msvc/-/core-win32-x64-msvc-1.2.47.tgz",
      "integrity": "sha1-wUS+BBAuTgV1oOcYmydximYO4MU=",
      "optional": true
    },
    "@types/body-parser": {
      "version": "1.19.0",
      "resolved": "https://mcapdev.pkgs.visualstudio.com/_packaging/Unity/npm/registry/@types/body-parser/-/body-parser-1.19.0.tgz",
      "integrity": "sha1-BoWzxH6zAG/+0RfN1VFkth+AU48=",
      "dev": true,
      "requires": {
        "@types/connect": "*",
        "@types/node": "*"
      }
    },
    "@types/connect": {
      "version": "3.4.34",
      "resolved": "https://mcapdev.pkgs.visualstudio.com/_packaging/Unity/npm/registry/@types/connect/-/connect-3.4.34.tgz",
      "integrity": "sha1-FwpAIjptZmAG2TyhKK8r6x2bGQE=",
      "dev": true,
      "requires": {
        "@types/node": "*"
      }
    },
    "@types/express": {
      "version": "4.17.11",
      "resolved": "https://mcapdev.pkgs.visualstudio.com/_packaging/Unity/npm/registry/@types/express/-/express-4.17.11.tgz",
      "integrity": "sha1-3r48qm+OX82pa0e9VOL0DE7llUU=",
      "dev": true,
      "requires": {
        "@types/body-parser": "*",
        "@types/express-serve-static-core": "^4.17.18",
        "@types/qs": "*",
        "@types/serve-static": "*"
      }
    },
    "@types/express-serve-static-core": {
      "version": "4.17.18",
      "resolved": "https://mcapdev.pkgs.visualstudio.com/_packaging/Unity/npm/registry/@types/express-serve-static-core/-/express-serve-static-core-4.17.18.tgz",
      "integrity": "sha1-g3HiYPQODhygwRapr82UJvoJTEA=",
      "dev": true,
      "requires": {
        "@types/node": "*",
        "@types/qs": "*",
        "@types/range-parser": "*"
      }
    },
    "@types/mime": {
      "version": "1.3.2",
      "resolved": "https://mcapdev.pkgs.visualstudio.com/_packaging/Unity/npm/registry/@types/mime/-/mime-1.3.2.tgz",
      "integrity": "sha1-k+Jb+e51/g/YC1lLxP6w6GIRG1o=",
      "dev": true
    },
    "@types/node": {
      "version": "14.14.31",
      "resolved": "https://mcapdev.pkgs.visualstudio.com/_packaging/Unity/npm/registry/@types/node/-/node-14.14.31.tgz",
      "integrity": "sha1-cihr0z0TeqDRUtR+x8F2JWPTQFU=",
      "dev": true
    },
    "@types/qs": {
      "version": "6.9.5",
      "resolved": "https://mcapdev.pkgs.visualstudio.com/_packaging/Unity/npm/registry/@types/qs/-/qs-6.9.5.tgz",
      "integrity": "sha1-Q0cRvdSete5p2QwdZ8NUqajssYs=",
      "dev": true
    },
    "@types/range-parser": {
      "version": "1.2.3",
      "resolved": "https://mcapdev.pkgs.visualstudio.com/_packaging/Unity/npm/registry/@types/range-parser/-/range-parser-1.2.3.tgz",
      "integrity": "sha1-fuMwunyq+5gJC+zoal7kQRWQTCw=",
      "dev": true
    },
    "@types/serve-static": {
      "version": "1.13.9",
      "resolved": "https://mcapdev.pkgs.visualstudio.com/_packaging/Unity/npm/registry/@types/serve-static/-/serve-static-1.13.9.tgz",
      "integrity": "sha1-qs8oqFoF7imhH7fD6tk1rFbzPk4=",
      "dev": true,
      "requires": {
        "@types/mime": "^1",
        "@types/node": "*"
      }
    },
    "@types/ws": {
      "version": "7.4.0",
      "resolved": "https://mcapdev.pkgs.visualstudio.com/_packaging/Unity/npm/registry/@types/ws/-/ws-7.4.0.tgz",
      "integrity": "sha1-SZaQ6ghzbgWoGGET2sN3aaslGg4=",
      "dev": true,
      "requires": {
        "@types/node": "*"
      }
    },
    "axios": {
      "version": "0.21.1",
      "resolved": "https://mcapdev.pkgs.visualstudio.com/_packaging/Unity/npm/registry/axios/-/axios-0.21.1.tgz",
      "integrity": "sha1-IlY0gZYvTWvemnbVFu8OXTwJsrg=",
      "dev": true,
      "requires": {
        "follow-redirects": "^1.10.0"
      }
    },
    "colorette": {
      "version": "1.2.1",
      "resolved": "https://mcapdev.pkgs.visualstudio.com/_packaging/Unity/npm/registry/colorette/-/colorette-1.2.1.tgz",
      "integrity": "sha1-TQuSEyXBT6+SYzCGpTbbbolWSxs="
    },
    "esbuild": {
      "version": "0.8.50",
      "resolved": "https://mcapdev.pkgs.visualstudio.com/_packaging/Unity/npm/registry/esbuild/-/esbuild-0.8.50.tgz",
      "integrity": "sha1-6/JP3gza0aNpeJ3W/XqCCwoB5Gw="
    },
    "follow-redirects": {
      "version": "1.13.2",
      "resolved": "https://mcapdev.pkgs.visualstudio.com/_packaging/Unity/npm/registry/follow-redirects/-/follow-redirects-1.13.2.tgz",
      "integrity": "sha1-3XPI7/wScoulz0JZ12DqX7g+MUc=",
      "dev": true
    },
    "fsevents": {
      "version": "2.3.2",
      "resolved": "https://mcapdev.pkgs.visualstudio.com/_packaging/Unity/npm/registry/fsevents/-/fsevents-2.3.2.tgz",
      "integrity": "sha1-ilJveLj99GI7cJ4Ll1xSwkwC/Ro=",
      "optional": true
    },
    "function-bind": {
      "version": "1.1.1",
      "resolved": "https://mcapdev.pkgs.visualstudio.com/_packaging/Unity/npm/registry/function-bind/-/function-bind-1.1.1.tgz",
      "integrity": "sha1-pWiZ0+o8m6uHS7l3O3xe3pL0iV0="
    },
    "has": {
      "version": "1.0.3",
      "resolved": "https://mcapdev.pkgs.visualstudio.com/_packaging/Unity/npm/registry/has/-/has-1.0.3.tgz",
      "integrity": "sha1-ci18v8H2qoJB8W3YFOAR4fQeh5Y=",
      "requires": {
        "function-bind": "^1.1.1"
      }
    },
    "is-core-module": {
      "version": "2.2.0",
      "resolved": "https://mcapdev.pkgs.visualstudio.com/_packaging/Unity/npm/registry/is-core-module/-/is-core-module-2.2.0.tgz",
      "integrity": "sha1-lwN+89UiJNhRY/VZeytj2a/tmBo=",
      "requires": {
        "has": "^1.0.3"
      }
    },
    "iterare": {
      "version": "1.2.1",
      "resolved": "https://mcapdev.pkgs.visualstudio.com/_packaging/Unity/npm/registry/iterare/-/iterare-1.2.1.tgz",
      "integrity": "sha1-E5xAD/c2NpDjOr/6M8u6iSDwAEI=",
      "dev": true
    },
    "nanoid": {
      "version": "3.1.20",
      "resolved": "https://mcapdev.pkgs.visualstudio.com/_packaging/Unity/npm/registry/nanoid/-/nanoid-3.1.20.tgz",
      "integrity": "sha1-utwmPGsdzxS3HvqoX2q0wdbPx4g="
    },
    "path-parse": {
      "version": "1.0.6",
      "resolved": "https://mcapdev.pkgs.visualstudio.com/_packaging/Unity/npm/registry/path-parse/-/path-parse-1.0.6.tgz",
      "integrity": "sha1-1i27VnlAXXLEc37FhgDp3c8G0kw="
    },
    "postcss": {
      "version": "8.2.6",
      "resolved": "https://mcapdev.pkgs.visualstudio.com/_packaging/Unity/npm/registry/postcss/-/postcss-8.2.6.tgz",
      "integrity": "sha1-XWmpdFQ7Rfh+RkvEw+OSqX1r6f4=",
      "requires": {
        "colorette": "^1.2.1",
        "nanoid": "^3.1.20",
        "source-map": "^0.6.1"
      }
    },
    "reflect-metadata": {
      "version": "0.1.13",
      "resolved": "https://mcapdev.pkgs.visualstudio.com/_packaging/Unity/npm/registry/reflect-metadata/-/reflect-metadata-0.1.13.tgz",
      "integrity": "sha1-Z648pXyXKiqhZCsQ/jY/4y1J3Ag=",
      "dev": true,
      "peer": true
    },
    "resolve": {
      "version": "1.20.0",
      "resolved": "https://mcapdev.pkgs.visualstudio.com/_packaging/Unity/npm/registry/resolve/-/resolve-1.20.0.tgz",
      "integrity": "sha1-YpoBP7P3B1XW8LeTXMHCxTeLGXU=",
      "requires": {
        "is-core-module": "^2.2.0",
        "path-parse": "^1.0.6"
      }
    },
    "rollup": {
      "version": "2.39.0",
      "resolved": "https://mcapdev.pkgs.visualstudio.com/_packaging/Unity/npm/registry/rollup/-/rollup-2.39.0.tgz",
      "integrity": "sha1-vk+YyeQheTqP7ILIVPtWfDXiKrY=",
      "requires": {
        "fsevents": "~2.3.1"
      }
    },
    "rollup-plugin-swc": {
      "version": "0.1.4",
      "resolved": "https://mcapdev.pkgs.visualstudio.com/_packaging/Unity/npm/registry/rollup-plugin-swc/-/rollup-plugin-swc-0.1.4.tgz",
      "integrity": "sha1-Dj7PLtkzJXv1qHGvkUK2GEw33Tc="
    },
    "rxjs": {
      "version": "6.6.3",
      "resolved": "https://mcapdev.pkgs.visualstudio.com/_packaging/Unity/npm/registry/rxjs/-/rxjs-6.6.3.tgz",
      "integrity": "sha1-jKhGNcTaqQDA05Z6buesYCce5VI=",
      "dev": true,
      "peer": true,
      "requires": {
        "tslib": "^1.9.0"
      },
      "dependencies": {
        "tslib": {
          "version": "1.14.1",
          "resolved": "https://mcapdev.pkgs.visualstudio.com/_packaging/Unity/npm/registry/tslib/-/tslib-1.14.1.tgz",
          "integrity": "sha1-zy04vcNKE0vK8QkcQfZhni9nLQA=",
          "dev": true,
          "peer": true
        }
      }
    },
    "source-map": {
      "version": "0.6.1",
      "resolved": "https://mcapdev.pkgs.visualstudio.com/_packaging/Unity/npm/registry/source-map/-/source-map-0.6.1.tgz",
      "integrity": "sha1-dHIq8y6WFOnCh6jQu95IteLxomM="
    },
    "tslib": {
      "version": "2.1.0",
      "resolved": "https://mcapdev.pkgs.visualstudio.com/_packaging/Unity/npm/registry/tslib/-/tslib-2.1.0.tgz",
      "integrity": "sha1-2mCGDxwuyqVwOrfTm8Bba/mIuXo="
    },
    "uuid": {
      "version": "8.3.2",
      "resolved": "https://mcapdev.pkgs.visualstudio.com/_packaging/Unity/npm/registry/uuid/-/uuid-8.3.2.tgz",
      "integrity": "sha1-gNW1ztJxu5r2xEXyGhoExgbO++I=",
      "dev": true
    },
    "vite": {
      "version": "2.0.1",
      "resolved": "https://mcapdev.pkgs.visualstudio.com/_packaging/Unity/npm/registry/vite/-/vite-2.0.1.tgz",
      "integrity": "sha1-NI/FwN5RCqkL0B7Ph98hDOdBs44=",
      "requires": {
        "esbuild": "^0.8.34",
        "fsevents": "~2.3.1",
        "postcss": "^8.2.1",
        "resolve": "^1.19.0",
        "rollup": "^2.38.5"
      }
    },
    "ws": {
      "version": "7.4.3",
      "resolved": "https://mcapdev.pkgs.visualstudio.com/_packaging/Unity/npm/registry/ws/-/ws-7.4.3.tgz",
      "integrity": "sha1-H5ZD3jSlQ7jtsSS9y8RXrlWm5c0="
    }
  }
}
