{
  "name": "vite-plugin-node",
  "version": "0.0.1",
  "lockfileVersion": 1,
  "requires": true,
  "dependencies": {
    "@types/node": {
      "version": "14.14.31",
      "resolved": "https://mcapdev.pkgs.visualstudio.com/_packaging/Unity/npm/registry/@types/node/-/node-14.14.31.tgz",
      "integrity": "sha1-cihr0z0TeqDRUtR+x8F2JWPTQFU=",
      "dev": true
    },
    "@types/ws": {
      "version": "7.4.0",
      "resolved": "https://mcapdev.pkgs.visualstudio.com/_packaging/Unity/npm/registry/@types/ws/-/ws-7.4.0.tgz",
      "integrity": "sha1-SZaQ6ghzbgWoGGET2sN3aaslGg4=",
      "dev": true,
      "requires": {
        "@types/node": "*"
      }
    },
    "colorette": {
      "version": "1.2.1",
      "resolved": "https://mcapdev.pkgs.visualstudio.com/_packaging/Unity/npm/registry/colorette/-/colorette-1.2.1.tgz",
      "integrity": "sha1-TQuSEyXBT6+SYzCGpTbbbolWSxs="
    },
    "esbuild": {
      "version": "0.8.50",
      "resolved": "https://mcapdev.pkgs.visualstudio.com/_packaging/Unity/npm/registry/esbuild/-/esbuild-0.8.50.tgz",
      "integrity": "sha1-6/JP3gza0aNpeJ3W/XqCCwoB5Gw="
    },
    "fsevents": {
      "version": "2.3.2",
      "resolved": "https://mcapdev.pkgs.visualstudio.com/_packaging/Unity/npm/registry/fsevents/-/fsevents-2.3.2.tgz",
      "integrity": "sha1-ilJveLj99GI7cJ4Ll1xSwkwC/Ro=",
      "optional": true
    },
    "function-bind": {
      "version": "1.1.1",
      "resolved": "https://mcapdev.pkgs.visualstudio.com/_packaging/Unity/npm/registry/function-bind/-/function-bind-1.1.1.tgz",
      "integrity": "sha1-pWiZ0+o8m6uHS7l3O3xe3pL0iV0="
    },
    "has": {
      "version": "1.0.3",
      "resolved": "https://mcapdev.pkgs.visualstudio.com/_packaging/Unity/npm/registry/has/-/has-1.0.3.tgz",
      "integrity": "sha1-ci18v8H2qoJB8W3YFOAR4fQeh5Y=",
      "requires": {
        "function-bind": "^1.1.1"
      }
    },
    "is-core-module": {
      "version": "2.2.0",
      "resolved": "https://mcapdev.pkgs.visualstudio.com/_packaging/Unity/npm/registry/is-core-module/-/is-core-module-2.2.0.tgz",
      "integrity": "sha1-lwN+89UiJNhRY/VZeytj2a/tmBo=",
      "requires": {
        "has": "^1.0.3"
      }
    },
    "nanoid": {
      "version": "3.1.20",
      "resolved": "https://mcapdev.pkgs.visualstudio.com/_packaging/Unity/npm/registry/nanoid/-/nanoid-3.1.20.tgz",
      "integrity": "sha1-utwmPGsdzxS3HvqoX2q0wdbPx4g="
    },
    "path-parse": {
      "version": "1.0.6",
      "resolved": "https://mcapdev.pkgs.visualstudio.com/_packaging/Unity/npm/registry/path-parse/-/path-parse-1.0.6.tgz",
      "integrity": "sha1-1i27VnlAXXLEc37FhgDp3c8G0kw="
    },
    "postcss": {
      "version": "8.2.6",
      "resolved": "https://mcapdev.pkgs.visualstudio.com/_packaging/Unity/npm/registry/postcss/-/postcss-8.2.6.tgz",
      "integrity": "sha1-XWmpdFQ7Rfh+RkvEw+OSqX1r6f4=",
      "requires": {
        "colorette": "^1.2.1",
        "nanoid": "^3.1.20",
        "source-map": "^0.6.1"
      }
    },
    "resolve": {
      "version": "1.20.0",
      "resolved": "https://mcapdev.pkgs.visualstudio.com/_packaging/Unity/npm/registry/resolve/-/resolve-1.20.0.tgz",
      "integrity": "sha1-YpoBP7P3B1XW8LeTXMHCxTeLGXU=",
      "requires": {
        "is-core-module": "^2.2.0",
        "path-parse": "^1.0.6"
      }
    },
    "rollup": {
      "version": "2.39.0",
      "resolved": "https://mcapdev.pkgs.visualstudio.com/_packaging/Unity/npm/registry/rollup/-/rollup-2.39.0.tgz",
      "integrity": "sha1-vk+YyeQheTqP7ILIVPtWfDXiKrY=",
      "requires": {
        "fsevents": "~2.3.1"
      }
    },
    "rollup-plugin-swc": {
      "version": "0.1.4",
      "resolved": "https://mcapdev.pkgs.visualstudio.com/_packaging/Unity/npm/registry/rollup-plugin-swc/-/rollup-plugin-swc-0.1.4.tgz",
      "integrity": "sha1-Dj7PLtkzJXv1qHGvkUK2GEw33Tc="
    },
    "source-map": {
      "version": "0.6.1",
      "resolved": "https://mcapdev.pkgs.visualstudio.com/_packaging/Unity/npm/registry/source-map/-/source-map-0.6.1.tgz",
      "integrity": "sha1-dHIq8y6WFOnCh6jQu95IteLxomM="
    },
    "vite": {
      "version": "2.0.1",
      "resolved": "https://mcapdev.pkgs.visualstudio.com/_packaging/Unity/npm/registry/vite/-/vite-2.0.1.tgz",
      "integrity": "sha1-NI/FwN5RCqkL0B7Ph98hDOdBs44=",
      "requires": {
        "esbuild": "^0.8.34",
        "fsevents": "~2.3.1",
        "postcss": "^8.2.1",
        "resolve": "^1.19.0",
        "rollup": "^2.38.5"
      }
    },
    "ws": {
      "version": "7.4.3",
      "resolved": "https://mcapdev.pkgs.visualstudio.com/_packaging/Unity/npm/registry/ws/-/ws-7.4.3.tgz",
      "integrity": "sha1-H5ZD3jSlQ7jtsSS9y8RXrlWm5c0="
    }
  }
}
