# THIS IS AN AUTOGENERATED FILE. DO NOT EDIT THIS FILE DIRECTLY.
# yarn lockfile v1


"@fastify/busboy@^1.0.0":
  version "1.0.0"
  resolved "https://registry.npmjs.org/@fastify/busboy/-/busboy-1.0.0.tgz"
  integrity sha512-tzTXX1TFEjWCseEsNdIlXXkD+48uJoN+zpqIojUX4pSoMscsbhO/UuVEB5SzJucexqDWOo2ma0ECwdD7hZdrzg==
  dependencies:
    text-decoding "^1.0.0"

"@marblejs/core@^4.0.2":
  version "4.0.2"
  resolved "https://registry.npmjs.org/@marblejs/core/-/core-4.0.2.tgz"
  integrity sha512-xqjef3s7BRTJoMGSL8dh0YjoPcb7JliietkRFsS7Unksiuc+dpHDZ/ZNHqMqGdB7mKzSptDDeohsOeHtNUn9dw==
  dependencies:
    "@types/uuid" "^7.0.0"
    chalk "^3.0.0"
    io-ts "^2.2.4"
    uuid "^7.0.1"

"@marblejs/http@^4.0.2":
  version "4.0.2"
  resolved "https://registry.npmjs.org/@marblejs/http/-/http-4.0.2.tgz"
  integrity sha512-LwnNyivTF8125JbihnaPtsqi1Nx54b4R6kBi2GTNuKcrJgg1q8vxDzGokJEwPSjnj4k1NwXzmqj0jhBb8gTOyA==
  dependencies:
    "@types/json-schema" "^7.0.3"
    "@types/qs" "^6.9.0"
    "@types/uuid" "^7.0.0"
    chalk "^3.0.0"
    file-type "^8.0.0"
    mime "^2.4.4"
    path-to-regexp "^6.1.0"
    qs "^6.9.1"
    uuid "^7.0.1"

"@marblejs/messaging@^4.0.2":
  version "4.0.2"
  resolved "https://registry.npmjs.org/@marblejs/messaging/-/messaging-4.0.2.tgz"
  integrity sha512-aw1xNY1/F4jrzFrSco826//Ft+hm6UKkGk4DiMSxvVl4cA06vE2/4yG/0/jJg4JCDvPnrGMoEkDbCBAZRkbGTw==
  dependencies:
    chalk "~2.4.1"

"@marblejs/middleware-body@^4.0.2":
  version "4.0.2"
  resolved "https://registry.npmjs.org/@marblejs/middleware-body/-/middleware-body-4.0.2.tgz"
  integrity sha512-0wEgWIk5nXeGcrYhBflEpwYTyvXc959E3fDgcZtWFT5ch3Cow3d0JT8gtly9fLe8QAFXK/39zdACPYFIXvQ/kg==
  dependencies:
    "@types/content-type" "1.1.2"
    "@types/qs" "^6.5.1"
    "@types/type-is" "~1.6.2"
    content-type "~1.0.4"
    qs "^6.6.0"
    type-is "~1.6.16"

"@marblejs/middleware-cors@^4.0.2":
  version "4.0.2"
  resolved "https://registry.npmjs.org/@marblejs/middleware-cors/-/middleware-cors-4.0.2.tgz"
  integrity sha512-A3DBjiAlUYl9dR9DbOJ2E7DVWqlemvxgewE58mCVdEf0e4ueuTrYytf+E+tC3XJ8kU+bbrU80Jxa3Zh1jeS+MA==

"@marblejs/middleware-io@^4.0.2":
  version "4.0.2"
  resolved "https://registry.npmjs.org/@marblejs/middleware-io/-/middleware-io-4.0.2.tgz"
  integrity sha512-n0skpX/uNjH02rdpr5dFJIzGxTIlCCRsmNKqWpA9rFPT6hFhnjDJpu6nFvVnZrbausJqhqLhwSl7ymUcz2B7cg==
  dependencies:
    "@types/json-schema" "^7.0.3"
    io-ts "^2.2.10"

"@marblejs/middleware-logger@^4.0.2":
  version "4.0.2"
  resolved "https://registry.npmjs.org/@marblejs/middleware-logger/-/middleware-logger-4.0.2.tgz"
  integrity sha512-o4U7Y53ZJG26BpBVLKSjMAWiw/zDzVTzvhk2cxKM8cHZHmD7FQsf0XFf866vEhyIquSfngNLQLvjBfxGXi/c5Q==
  dependencies:
    chalk "^2.4.1"

"@marblejs/middleware-multipart@^4.0.2":
  version "4.0.2"
  resolved "https://registry.npmjs.org/@marblejs/middleware-multipart/-/middleware-multipart-4.0.2.tgz"
  integrity sha512-hbmKuAOda9U8NIUdBrM4l3uTdBqVthpUL72FmLL34SvQFkz/NPutK1F0d18lgqXWz8NPVs4U2rrK3EVzpmf5vQ==
  dependencies:
    "@fastify/busboy" "^1.0.0"

"@marblejs/testing@^4.0.2":
  version "4.0.2"
  resolved "https://registry.npmjs.org/@marblejs/testing/-/testing-4.0.2.tgz"
  integrity sha512-+Q3aTuIuKgSjKLSfCWG5/L/No+ijtb0UIMmK1O2sXycrAX+g3oF++xEJhBOrBqFUQoM7nl+TLduCpHXpcRL6ZQ==

"@marblejs/websockets@^4.0.2":
  version "4.0.2"
  resolved "https://registry.npmjs.org/@marblejs/websockets/-/websockets-4.0.2.tgz"
  integrity sha512-IIHHK7bnAoiczRcH22GaWzkAGUVFSeLyZOB7c3qwhtJQP/RnTtI87S7o5Q+Djjhiudv3JmeGDwbDdOog32JhMw==
  dependencies:
    "@types/ws" "~6.0.1"
    path-to-regexp "^6.1.0"
    ws "~7.4.6"

"@types/content-type@1.1.2":
  version "1.1.2"
  resolved "https://registry.npmjs.org/@types/content-type/-/content-type-1.1.2.tgz"
  integrity sha512-w2d7fBCYbCBUBTGtkC4JfX1FicTtgEmq7wTTjc7rC5RA/JdB1Bi7o88nKzUqAnIIBXJVmq0n4tTmF3PJN8QqCg==

"@types/json-schema@^7.0.3":
  version "7.0.9"
  resolved "https://registry.npmjs.org/@types/json-schema/-/json-schema-7.0.9.tgz"
  integrity sha512-qcUXuemtEu+E5wZSJHNxUXeCZhAfXKQ41D+duX+VYPde7xyEVZci+/oXKJL13tnRs9lR2pr4fod59GT6/X1/yQ==

"@types/node@*", "@types/node@^10.1.2":
  version "10.17.60"
  resolved "https://registry.npmjs.org/@types/node/-/node-10.17.60.tgz"
  integrity sha512-F0KIgDJfy2nA3zMLmWGKxcH2ZVEtCZXHHdOQs2gSaQ27+lNeEfGxzkIw90aXswATX7AZ33tahPbzy6KAfUreVw==

"@types/qs@^6.5.1", "@types/qs@^6.9.0":
  version "6.9.7"
  resolved "https://registry.npmjs.org/@types/qs/-/qs-6.9.7.tgz"
  integrity sha512-FGa1F62FT09qcrueBA6qYTrJPVDzah9a+493+o2PCXsesWHIn27G98TsSMs3WPNbZIEj4+VJf6saSFpvD+3Zsw==

"@types/type-is@~1.6.2":
  version "1.6.3"
  resolved "https://registry.npmjs.org/@types/type-is/-/type-is-1.6.3.tgz"
  integrity sha512-PNs5wHaNcBgCQG5nAeeZ7OvosrEsI9O4W2jAOO9BCCg4ux9ZZvH2+0iSCOIDBiKuQsiNS8CBlmfX9f5YBQ22cA==
  dependencies:
    "@types/node" "*"

"@types/uuid@^7.0.0":
  version "7.0.5"
  resolved "https://registry.npmjs.org/@types/uuid/-/uuid-7.0.5.tgz"
  integrity sha512-hKB88y3YHL8oPOs/CNlaXtjWn93+Bs48sDQR37ZUqG2tLeCS7EA1cmnkKsuQsub9OKEB/y/Rw9zqJqqNSbqVlQ==

"@types/ws@~6.0.1":
  version "6.0.4"
  resolved "https://registry.npmjs.org/@types/ws/-/ws-6.0.4.tgz"
  integrity sha512-PpPrX7SZW9re6+Ha8ojZG4Se8AZXgf0GK6zmfqEuCsY49LFDNXO3SByp44X3dFEqtB73lkCDAdUazhAjVPiNwg==
  dependencies:
    "@types/node" "*"

ansi-styles@^3.2.1:
  version "3.2.1"
  resolved "https://registry.npmjs.org/ansi-styles/-/ansi-styles-3.2.1.tgz"
  integrity sha512-VT0ZI6kZRdTh8YyJw3SMbYm/u+NqfsAxEpWO0Pf9sq8/e94WxxOpPKx9FR1FlyCtOVDNOQ+8ntlqFxiRc+r5qA==
  dependencies:
    color-convert "^1.9.0"

ansi-styles@^4.1.0:
  version "4.3.0"
  resolved "https://registry.npmjs.org/ansi-styles/-/ansi-styles-4.3.0.tgz"
  integrity sha512-zbB9rCJAT1rbjiVDb2hqKFHNYLxgtk8NURxZ3IZwD3F6NtxbXZQCnnSi1Lkx+IDohdPlFp222wVALIheZJQSEg==
  dependencies:
    color-convert "^2.0.1"

call-bind@^1.0.0:
  version "1.0.2"
  resolved "https://registry.npmjs.org/call-bind/-/call-bind-1.0.2.tgz"
  integrity sha512-7O+FbCihrB5WGbFYesctwmTKae6rOiIzmz1icreWJ+0aA7LJfuqhEso2T9ncpcFtzMQtzXf2QGGueWJGTYsqrA==
  dependencies:
    function-bind "^1.1.1"
    get-intrinsic "^1.0.2"

chalk@^2.4.1, chalk@~2.4.1:
  version "2.4.2"
  resolved "https://registry.npmjs.org/chalk/-/chalk-2.4.2.tgz"
  integrity sha512-Mti+f9lpJNcwF4tWV8/OrTTtF1gZi+f8FqlyAdouralcFWFQWF2+NgCHShjkCb+IFBLq9buZwE1xckQU4peSuQ==
  dependencies:
    ansi-styles "^3.2.1"
    escape-string-regexp "^1.0.5"
    supports-color "^5.3.0"

chalk@^3.0.0:
  version "3.0.0"
  resolved "https://registry.npmjs.org/chalk/-/chalk-3.0.0.tgz"
  integrity sha512-4D3B6Wf41KOYRFdszmDqMCGq5VV/uMAB273JILmO+3jAlh8X4qDtdtgCR3fxtbLEMzSx22QdhnDcJvu2u1fVwg==
  dependencies:
    ansi-styles "^4.1.0"
    supports-color "^7.1.0"

color-convert@^1.9.0:
  version "1.9.3"
  resolved "https://registry.npmjs.org/color-convert/-/color-convert-1.9.3.tgz"
  integrity sha512-QfAUtd+vFdAtFQcC8CCyYt1fYWxSqAiK2cSD6zDB8N3cpsEBAvRxp9zOGg6G/SHHJYAT88/az/IuDGALsNVbGg==
  dependencies:
    color-name "1.1.3"

color-convert@^2.0.1:
  version "2.0.1"
  resolved "https://registry.npmjs.org/color-convert/-/color-convert-2.0.1.tgz"
  integrity sha512-RRECPsj7iu/xb5oKYcsFHSppFNnsj/52OVTRKb4zP5onXwVF3zVmmToNcOfGC+CRDpfK/U584fMg38ZHCaElKQ==
  dependencies:
    color-name "~1.1.4"

color-name@1.1.3:
  version "1.1.3"
  resolved "https://registry.npmjs.org/color-name/-/color-name-1.1.3.tgz"
  integrity sha1-p9BVi9icQveV3UIyj3QIMcpTvCU=

color-name@~1.1.4:
  version "1.1.4"
  resolved "https://registry.npmjs.org/color-name/-/color-name-1.1.4.tgz"
  integrity sha512-dOy+3AuW3a2wNbZHIuMZpTcgjGuLU/uBL/ubcZF9OXbDo8ff4O8yVp5Bf0efS8uEoYo5q4Fx7dY9OgQGXgAsQA==

content-type@~1.0.4:
  version "1.0.4"
  resolved "https://registry.npmjs.org/content-type/-/content-type-1.0.4.tgz"
  integrity sha512-hIP3EEPs8tB9AT1L+NUqtwOAps4mk2Zob89MWXMHjHWg9milF/j4osnnQLXBCBFBk/tvIG/tUc9mOUJiPBhPXA==

esbuild-android-arm64@0.13.15:
  version "0.13.15"
  resolved "https://registry.yarnpkg.com/esbuild-android-arm64/-/esbuild-android-arm64-0.13.15.tgz#3fc3ff0bab76fe35dd237476b5d2b32bb20a3d44"
  integrity sha512-m602nft/XXeO8YQPUDVoHfjyRVPdPgjyyXOxZ44MK/agewFFkPa8tUo6lAzSWh5Ui5PB4KR9UIFTSBKh/RrCmg==

esbuild-darwin-64@0.13.15:
  version "0.13.15"
  resolved "https://registry.npmjs.org/esbuild-darwin-64/-/esbuild-darwin-64-0.13.15.tgz"
  integrity sha512-ihOQRGs2yyp7t5bArCwnvn2Atr6X4axqPpEdCFPVp7iUj4cVSdisgvEKdNR7yH3JDjW6aQDw40iQFoTqejqxvQ==

esbuild-darwin-arm64@0.13.15:
  version "0.13.15"
  resolved "https://registry.yarnpkg.com/esbuild-darwin-arm64/-/esbuild-darwin-arm64-0.13.15.tgz#1b07f893b632114f805e188ddfca41b2b778229a"
  integrity sha512-i1FZssTVxUqNlJ6cBTj5YQj4imWy3m49RZRnHhLpefFIh0To05ow9DTrXROTE1urGTQCloFUXTX8QfGJy1P8dQ==

esbuild-freebsd-64@0.13.15:
  version "0.13.15"
  resolved "https://registry.yarnpkg.com/esbuild-freebsd-64/-/esbuild-freebsd-64-0.13.15.tgz#0b8b7eca1690c8ec94c75680c38c07269c1f4a85"
  integrity sha512-G3dLBXUI6lC6Z09/x+WtXBXbOYQZ0E8TDBqvn7aMaOCzryJs8LyVXKY4CPnHFXZAbSwkCbqiPuSQ1+HhrNk7EA==

esbuild-freebsd-arm64@0.13.15:
  version "0.13.15"
  resolved "https://registry.yarnpkg.com/esbuild-freebsd-arm64/-/esbuild-freebsd-arm64-0.13.15.tgz#2e1a6c696bfdcd20a99578b76350b41db1934e52"
  integrity sha512-KJx0fzEDf1uhNOZQStV4ujg30WlnwqUASaGSFPhznLM/bbheu9HhqZ6mJJZM32lkyfGJikw0jg7v3S0oAvtvQQ==

esbuild-linux-32@0.13.15:
  version "0.13.15"
  resolved "https://registry.yarnpkg.com/esbuild-linux-32/-/esbuild-linux-32-0.13.15.tgz#6fd39f36fc66dd45b6b5f515728c7bbebc342a69"
  integrity sha512-ZvTBPk0YWCLMCXiFmD5EUtB30zIPvC5Itxz0mdTu/xZBbbHJftQgLWY49wEPSn2T/TxahYCRDWun5smRa0Tu+g==

esbuild-linux-64@0.13.15:
  version "0.13.15"
  resolved "https://registry.yarnpkg.com/esbuild-linux-64/-/esbuild-linux-64-0.13.15.tgz#9cb8e4bcd7574e67946e4ee5f1f1e12386bb6dd3"
  integrity sha512-eCKzkNSLywNeQTRBxJRQ0jxRCl2YWdMB3+PkWFo2BBQYC5mISLIVIjThNtn6HUNqua1pnvgP5xX0nHbZbPj5oA==

esbuild-linux-arm64@0.13.15:
  version "0.13.15"
  resolved "https://registry.yarnpkg.com/esbuild-linux-arm64/-/esbuild-linux-arm64-0.13.15.tgz#3891aa3704ec579a1b92d2a586122e5b6a2bfba1"
  integrity sha512-bYpuUlN6qYU9slzr/ltyLTR9YTBS7qUDymO8SV7kjeNext61OdmqFAzuVZom+OLW1HPHseBfJ/JfdSlx8oTUoA==

esbuild-linux-arm@0.13.15:
  version "0.13.15"
  resolved "https://registry.yarnpkg.com/esbuild-linux-arm/-/esbuild-linux-arm-0.13.15.tgz#8a00e99e6a0c6c9a6b7f334841364d8a2b4aecfe"
  integrity sha512-wUHttDi/ol0tD8ZgUMDH8Ef7IbDX+/UsWJOXaAyTdkT7Yy9ZBqPg8bgB/Dn3CZ9SBpNieozrPRHm0BGww7W/jA==

esbuild-linux-mips64le@0.13.15:
  version "0.13.15"
  resolved "https://registry.yarnpkg.com/esbuild-linux-mips64le/-/esbuild-linux-mips64le-0.13.15.tgz#36b07cc47c3d21e48db3bb1f4d9ef8f46aead4f7"
  integrity sha512-KlVjIG828uFPyJkO/8gKwy9RbXhCEUeFsCGOJBepUlpa7G8/SeZgncUEz/tOOUJTcWMTmFMtdd3GElGyAtbSWg==

esbuild-linux-ppc64le@0.13.15:
  version "0.13.15"
  resolved "https://registry.yarnpkg.com/esbuild-linux-ppc64le/-/esbuild-linux-ppc64le-0.13.15.tgz#f7e6bba40b9a11eb9dcae5b01550ea04670edad2"
  integrity sha512-h6gYF+OsaqEuBjeesTBtUPw0bmiDu7eAeuc2OEH9S6mV9/jPhPdhOWzdeshb0BskRZxPhxPOjqZ+/OqLcxQwEQ==

esbuild-netbsd-64@0.13.15:
  version "0.13.15"
  resolved "https://registry.yarnpkg.com/esbuild-netbsd-64/-/esbuild-netbsd-64-0.13.15.tgz#a2fedc549c2b629d580a732d840712b08d440038"
  integrity sha512-3+yE9emwoevLMyvu+iR3rsa+Xwhie7ZEHMGDQ6dkqP/ndFzRHkobHUKTe+NCApSqG5ce2z4rFu+NX/UHnxlh3w==

esbuild-openbsd-64@0.13.15:
  version "0.13.15"
  resolved "https://registry.yarnpkg.com/esbuild-openbsd-64/-/esbuild-openbsd-64-0.13.15.tgz#b22c0e5806d3a1fbf0325872037f885306b05cd7"
  integrity sha512-wTfvtwYJYAFL1fSs8yHIdf5GEE4NkbtbXtjLWjM3Cw8mmQKqsg8kTiqJ9NJQe5NX/5Qlo7Xd9r1yKMMkHllp5g==

esbuild-sunos-64@0.13.15:
  version "0.13.15"
  resolved "https://registry.yarnpkg.com/esbuild-sunos-64/-/esbuild-sunos-64-0.13.15.tgz#d0b6454a88375ee8d3964daeff55c85c91c7cef4"
  integrity sha512-lbivT9Bx3t1iWWrSnGyBP9ODriEvWDRiweAs69vI+miJoeKwHWOComSRukttbuzjZ8r1q0mQJ8Z7yUsDJ3hKdw==

esbuild-windows-32@0.13.15:
  version "0.13.15"
  resolved "https://registry.yarnpkg.com/esbuild-windows-32/-/esbuild-windows-32-0.13.15.tgz#c96d0b9bbb52f3303322582ef8e4847c5ad375a7"
  integrity sha512-fDMEf2g3SsJ599MBr50cY5ve5lP1wyVwTe6aLJsM01KtxyKkB4UT+fc5MXQFn3RLrAIAZOG+tHC+yXObpSn7Nw==

esbuild-windows-64@0.13.15:
  version "0.13.15"
  resolved "https://registry.yarnpkg.com/esbuild-windows-64/-/esbuild-windows-64-0.13.15.tgz#1f79cb9b1e1bb02fb25cd414cb90d4ea2892c294"
  integrity sha512-9aMsPRGDWCd3bGjUIKG/ZOJPKsiztlxl/Q3C1XDswO6eNX/Jtwu4M+jb6YDH9hRSUflQWX0XKAfWzgy5Wk54JQ==

esbuild-windows-arm64@0.13.15:
  version "0.13.15"
  resolved "https://registry.yarnpkg.com/esbuild-windows-arm64/-/esbuild-windows-arm64-0.13.15.tgz#482173070810df22a752c686509c370c3be3b3c3"
  integrity sha512-zzvyCVVpbwQQATaf3IG8mu1IwGEiDxKkYUdA4FpoCHi1KtPa13jeScYDjlW0Qh+ebWzpKfR2ZwvqAQkSWNcKjA==

esbuild@^0.13.12:
  version "0.13.15"
  resolved "https://registry.npmjs.org/esbuild/-/esbuild-0.13.15.tgz"
  integrity sha512-raCxt02HBKv8RJxE8vkTSCXGIyKHdEdGfUmiYb8wnabnaEmHzyW7DCHb5tEN0xU8ryqg5xw54mcwnYkC4x3AIw==
  optionalDependencies:
    esbuild-android-arm64 "0.13.15"
    esbuild-darwin-64 "0.13.15"
    esbuild-darwin-arm64 "0.13.15"
    esbuild-freebsd-64 "0.13.15"
    esbuild-freebsd-arm64 "0.13.15"
    esbuild-linux-32 "0.13.15"
    esbuild-linux-64 "0.13.15"
    esbuild-linux-arm "0.13.15"
    esbuild-linux-arm64 "0.13.15"
    esbuild-linux-mips64le "0.13.15"
    esbuild-linux-ppc64le "0.13.15"
    esbuild-netbsd-64 "0.13.15"
    esbuild-openbsd-64 "0.13.15"
    esbuild-sunos-64 "0.13.15"
    esbuild-windows-32 "0.13.15"
    esbuild-windows-64 "0.13.15"
    esbuild-windows-arm64 "0.13.15"

escape-string-regexp@^1.0.5:
  version "1.0.5"
  resolved "https://registry.npmjs.org/escape-string-regexp/-/escape-string-regexp-1.0.5.tgz"
  integrity sha1-G2HAViGQqN/2rjuyzwIAyhMLhtQ=

file-type@^8.0.0:
  version "8.1.0"
  resolved "https://registry.npmjs.org/file-type/-/file-type-8.1.0.tgz"
  integrity sha512-qyQ0pzAy78gVoJsmYeNgl8uH8yKhr1lVhW7JbzJmnlRi0I4R2eEDEJZVKG8agpDnLpacwNbDhLNG/LMdxHD2YQ==

fp-ts@^2.8.2:
  version "2.11.5"
  resolved "https://registry.npmjs.org/fp-ts/-/fp-ts-2.11.5.tgz"
  integrity sha512-OqlwJq1BdpB83BZXTqI+dNcA6uYk6qk4u9Cgnt64Y+XS7dwdbp/mobx8S2KXf2AXH+scNmA/UVK3SEFHR3vHZA==

fsevents@~2.3.2:
  version "2.3.2"
  resolved "https://registry.npmjs.org/fsevents/-/fsevents-2.3.2.tgz"
  integrity sha512-xiqMQR4xAeHTuB9uWm+fFRcIOgKBMiOBP+eXiyT7jsgVCq1bkVygt00oASowB7EdtpOHaaPgKt812P9ab+DDKA==

function-bind@^1.1.1:
  version "1.1.1"
  resolved "https://registry.npmjs.org/function-bind/-/function-bind-1.1.1.tgz"
  integrity sha512-yIovAzMX49sF8Yl58fSCWJ5svSLuaibPxXQJFLmBObTuCr0Mf1KiPopGM9NiFjiYBCbfaa2Fh6breQ6ANVTI0A==

get-intrinsic@^1.0.2:
  version "1.1.1"
  resolved "https://registry.npmjs.org/get-intrinsic/-/get-intrinsic-1.1.1.tgz"
  integrity sha512-kWZrnVM42QCiEA2Ig1bG8zjoIMOgxWwYCEeNdwY6Tv/cOSeGpcoX4pXHfKUxNKVoArnrEr2e9srnAxxGIraS9Q==
  dependencies:
    function-bind "^1.1.1"
    has "^1.0.3"
    has-symbols "^1.0.1"

has-flag@^3.0.0:
  version "3.0.0"
  resolved "https://registry.npmjs.org/has-flag/-/has-flag-3.0.0.tgz"
  integrity sha1-tdRU3CGZriJWmfNGfloH87lVuv0=

has-flag@^4.0.0:
  version "4.0.0"
  resolved "https://registry.npmjs.org/has-flag/-/has-flag-4.0.0.tgz"
  integrity sha512-EykJT/Q1KjTWctppgIAgfSO0tKVuZUjhgMr17kqTumMl6Afv3EISleU7qZUzoXDFTAHTDC4NOoG/ZxU3EvlMPQ==

has-symbols@^1.0.1:
  version "1.0.2"
  resolved "https://registry.npmjs.org/has-symbols/-/has-symbols-1.0.2.tgz"
  integrity sha512-chXa79rL/UC2KlX17jo3vRGz0azaWEx5tGqZg5pO3NUyEJVB17dMruQlzCCOfUvElghKcm5194+BCRvi2Rv/Gw==

has@^1.0.3:
  version "1.0.3"
  resolved "https://registry.npmjs.org/has/-/has-1.0.3.tgz"
  integrity sha512-f2dvO0VU6Oej7RkWJGrehjbzMAjFp5/VKPp5tTpWIV4JHHZK1/BxbFRtf/siA2SWTe09caDmVtYYzWEIbBS4zw==
  dependencies:
    function-bind "^1.1.1"

io-ts@^2.2.10, io-ts@^2.2.4:
  version "2.2.16"
  resolved "https://registry.npmjs.org/io-ts/-/io-ts-2.2.16.tgz"
  integrity sha512-y5TTSa6VP6le0hhmIyN0dqEXkrZeJLeC5KApJq6VLci3UEKF80lZ+KuoUs02RhBxNWlrqSNxzfI7otLX1Euv8Q==

is-core-module@^2.2.0:
  version "2.8.0"
  resolved "https://registry.npmjs.org/is-core-module/-/is-core-module-2.8.0.tgz"
  integrity sha512-vd15qHsaqrRL7dtH6QNuy0ndJmRDrS9HAM1CAiSifNUFv4x1a0CCVsj18hJ1mShxIG6T2i1sO78MkP56r0nYRw==
  dependencies:
    has "^1.0.3"

media-typer@0.3.0:
  version "0.3.0"
  resolved "https://registry.npmjs.org/media-typer/-/media-typer-0.3.0.tgz"
  integrity sha1-hxDXrwqmJvj/+hzgAWhUUmMlV0g=

mime-db@1.51.0:
  version "1.51.0"
  resolved "https://registry.npmjs.org/mime-db/-/mime-db-1.51.0.tgz"
  integrity sha512-5y8A56jg7XVQx2mbv1lu49NR4dokRnhZYTtL+KGfaa27uq4pSTXkwQkFJl4pkRMyNFz/EtYDSkiiEHx3F7UN6g==

mime-types@~2.1.24:
  version "2.1.34"
  resolved "https://registry.npmjs.org/mime-types/-/mime-types-2.1.34.tgz"
  integrity sha512-6cP692WwGIs9XXdOO4++N+7qjqv0rqxxVvJ3VHPh/Sc9mVZcQP+ZGhkKiTvWMQRr2tbHkJP/Yn7Y0npb3ZBs4A==
  dependencies:
    mime-db "1.51.0"

mime@^2.4.4:
  version "2.6.0"
  resolved "https://registry.npmjs.org/mime/-/mime-2.6.0.tgz"
  integrity sha512-USPkMeET31rOMiarsBNIHZKLGgvKc/LrjofAnBlOttf5ajRvqiRA8QsenbcooctK6d6Ts6aqZXBA+XbkKthiQg==

nanoid@^3.1.30:
  version "3.1.30"
  resolved "https://registry.npmjs.org/nanoid/-/nanoid-3.1.30.tgz"
  integrity sha512-zJpuPDwOv8D2zq2WRoMe1HsfZthVewpel9CAvTfc/2mBD1uUT/agc5f7GHGWXlYkFvi1mVxe4IjvP2HNrop7nQ==

object-inspect@^1.9.0:
  version "1.12.0"
  resolved "https://registry.npmjs.org/object-inspect/-/object-inspect-1.12.0.tgz"
  integrity sha512-Ho2z80bVIvJloH+YzRmpZVQe87+qASmBUKZDWgx9cu+KDrX2ZDH/3tMy+gXbZETVGs2M8YdxObOh7XAtim9Y0g==

path-parse@^1.0.6:
  version "1.0.7"
  resolved "https://registry.npmjs.org/path-parse/-/path-parse-1.0.7.tgz"
  integrity sha512-LDJzPVEEEPR+y48z93A0Ed0yXb8pAByGWo/k5YYdYgpY2/2EsOsksJrq7lOHxryrVOn1ejG6oAp8ahvOIQD8sw==

path-to-regexp@^6.1.0:
  version "6.2.0"
  resolved "https://registry.npmjs.org/path-to-regexp/-/path-to-regexp-6.2.0.tgz"
  integrity sha512-f66KywYG6+43afgE/8j/GoiNyygk/bnoCbps++3ErRKsIYkGGupyv07R2Ok5m9i67Iqc+T2g1eAUGUPzWhYTyg==

picocolors@^1.0.0:
  version "1.0.0"
  resolved "https://registry.npmjs.org/picocolors/-/picocolors-1.0.0.tgz"
  integrity sha512-1fygroTLlHu66zi26VoTDv8yRgm0Fccecssto+MhsZ0D/DGW2sm8E8AjW7NU5VVTRt5GxbeZ5qBuJr+HyLYkjQ==

postcss@^8.4.5:
  version "8.4.5"
  resolved "https://registry.npmjs.org/postcss/-/postcss-8.4.5.tgz"
  integrity sha512-jBDboWM8qpaqwkMwItqTQTiFikhs/67OYVvblFFTM7MrZjt6yMKd6r2kgXizEbTTljacm4NldIlZnhbjr84QYg==
  dependencies:
    nanoid "^3.1.30"
    picocolors "^1.0.0"
    source-map-js "^1.0.1"

qs@^6.6.0, qs@^6.9.1:
  version "6.10.2"
  resolved "https://registry.npmjs.org/qs/-/qs-6.10.2.tgz"
  integrity sha512-mSIdjzqznWgfd4pMii7sHtaYF8rx8861hBO80SraY5GT0XQibWZWJSid0avzHGkDIZLImux2S5mXO0Hfct2QCw==
  dependencies:
    side-channel "^1.0.4"

resolve@^1.20.0:
  version "1.20.0"
  resolved "https://registry.npmjs.org/resolve/-/resolve-1.20.0.tgz"
  integrity sha512-wENBPt4ySzg4ybFQW2TT1zMQucPK95HSh/nq2CFTZVOGut2+pQvSsgtda4d26YrYcr067wjbmzOG8byDPBX63A==
  dependencies:
    is-core-module "^2.2.0"
    path-parse "^1.0.6"

rollup@^2.59.0:
  version "2.62.0"
  resolved "https://registry.npmjs.org/rollup/-/rollup-2.62.0.tgz"
  integrity sha512-cJEQq2gwB0GWMD3rYImefQTSjrPYaC6s4J9pYqnstVLJ1CHa/aZNVkD4Epuvg4iLeMA4KRiq7UM7awKK6j7jcw==
  optionalDependencies:
    fsevents "~2.3.2"

rxjs@^7.1.0:
  version "7.5.1"
  resolved "https://registry.npmjs.org/rxjs/-/rxjs-7.5.1.tgz"
  integrity sha512-KExVEeZWxMZnZhUZtsJcFwz8IvPvgu4G2Z2QyqjZQzUGr32KDYuSxrEYO4w3tFFNbfLozcrKUTvTPi+E9ywJkQ==
  dependencies:
    tslib "^2.1.0"

side-channel@^1.0.4:
  version "1.0.4"
  resolved "https://registry.npmjs.org/side-channel/-/side-channel-1.0.4.tgz"
  integrity sha512-q5XPytqFEIKHkGdiMIrY10mvLRvnQh42/+GoBlFW3b2LXLE2xxJpZFdm94we0BaoV3RwJyGqg5wS7epxTv0Zvw==
  dependencies:
    call-bind "^1.0.0"
    get-intrinsic "^1.0.2"
    object-inspect "^1.9.0"

source-map-js@^1.0.1:
  version "1.0.1"
  resolved "https://registry.npmjs.org/source-map-js/-/source-map-js-1.0.1.tgz"
  integrity sha512-4+TN2b3tqOCd/kaGRJ/sTYA0tR0mdXx26ipdolxcwtJVqEnqNYvlCAt1q3ypy4QMlYus+Zh34RNtYLoq2oQ4IA==

supports-color@^5.3.0:
  version "5.5.0"
  resolved "https://registry.npmjs.org/supports-color/-/supports-color-5.5.0.tgz"
  integrity sha512-QjVjwdXIt408MIiAqCX4oUKsgU2EqAGzs2Ppkm4aQYbjm+ZEWEcW4SfFNTr4uMNZma0ey4f5lgLrkB0aX0QMow==
  dependencies:
    has-flag "^3.0.0"

supports-color@^7.1.0:
  version "7.2.0"
  resolved "https://registry.npmjs.org/supports-color/-/supports-color-7.2.0.tgz"
  integrity sha512-qpCAvRl9stuOHveKsn7HncJRvv501qIacKzQlO/+Lwxc9+0q2wLyv4Dfvt80/DPn2pqOBsJdDiogXGR9+OvwRw==
  dependencies:
    has-flag "^4.0.0"

text-decoding@^1.0.0:
  version "1.0.0"
  resolved "https://registry.npmjs.org/text-decoding/-/text-decoding-1.0.0.tgz"
  integrity sha512-/0TJD42KDnVwKmDK6jj3xP7E2MG7SHAOG4tyTgyUCRPdHwvkquYNLEQltmdMa3owq3TkddCVcTsoctJI8VQNKA==

tslib@^2.1.0:
  version "2.3.1"
  resolved "https://registry.npmjs.org/tslib/-/tslib-2.3.1.tgz"
  integrity sha512-77EbyPPpMz+FRFRuAFlWMtmgUWGe9UOG2Z25NqCwiIjRhOf5iKGuzSe5P2w1laq+FkRy4p+PCuVkJSGkzTEKVw==

type-is@~1.6.16:
  version "1.6.18"
  resolved "https://registry.npmjs.org/type-is/-/type-is-1.6.18.tgz"
  integrity sha512-TkRKr9sUTxEH8MdfuCSP7VizJyzRNMjj2J2do2Jr3Kym598JVdEksuzPQCnlFPW4ky9Q+iA+ma9BGm06XQBy8g==
  dependencies:
    media-typer "0.3.0"
    mime-types "~2.1.24"

typescript@^4.3.2:
  version "4.5.4"
  resolved "https://registry.npmjs.org/typescript/-/typescript-4.5.4.tgz"
  integrity sha512-VgYs2A2QIRuGphtzFV7aQJduJ2gyfTljngLzjpfW9FoYZF6xuw1W0vW9ghCKLfcWrCFxK81CSGRAvS1pn4fIUg==

uuid@^7.0.1:
  version "7.0.3"
  resolved "https://registry.npmjs.org/uuid/-/uuid-7.0.3.tgz"
  integrity sha512-DPSke0pXhTZgoF/d+WSt2QaKMCFSfx7QegxEWT+JOuHF5aWrKEn0G+ztjuJg/gG8/ItK+rbPCD/yNv8yyih6Cg==

vite@^2.6.2:
  version "2.7.10"
  resolved "https://registry.npmjs.org/vite/-/vite-2.7.10.tgz"
  integrity sha512-KEY96ntXUid1/xJihJbgmLZx7QSC2D4Tui0FdS0Old5OokYzFclcofhtxtjDdGOk/fFpPbHv9yw88+rB93Tb8w==
  dependencies:
    esbuild "^0.13.12"
    postcss "^8.4.5"
    resolve "^1.20.0"
    rollup "^2.59.0"
  optionalDependencies:
    fsevents "~2.3.2"

ws@~7.4.6:
  version "7.4.6"
  resolved "https://registry.npmjs.org/ws/-/ws-7.4.6.tgz"
  integrity sha512-YmhHDO4MzaDLB+M9ym/mDA5z0naX8j7SIlT8f8z+I0VtzsRbekxEutHSme7NPS2qE8StCYQNUnfWdXta/Yu85A==
