# THIS IS AN AUTOGENERATED FILE. DO NOT EDIT THIS FILE DIRECTLY.
# yarn lockfile v1


"@fastify/busboy@^1.0.0":
  version "1.0.0"
  resolved "https://registry.yarnpkg.com/@fastify/busboy/-/busboy-1.0.0.tgz#f73182e61955ab91f8ec5a137fda2c9cee366dbd"
  integrity sha512-tzTXX1TFEjWCseEsNdIlXXkD+48uJoN+zpqIojUX4pSoMscsbhO/UuVEB5SzJucexqDWOo2ma0ECwdD7hZdrzg==
  dependencies:
    text-decoding "^1.0.0"

"@marblejs/core@^4.0.2":
  version "4.0.2"
  resolved "https://registry.yarnpkg.com/@marblejs/core/-/core-4.0.2.tgz#7e55c786be9392572eb5726c14598eeeb9f8117d"
  integrity sha512-xqjef3s7BRTJoMGSL8dh0YjoPcb7JliietkRFsS7Unksiuc+dpHDZ/ZNHqMqGdB7mKzSptDDeohsOeHtNUn9dw==
  dependencies:
    "@types/uuid" "^7.0.0"
    chalk "^3.0.0"
    io-ts "^2.2.4"
    uuid "^7.0.1"

"@marblejs/http@^4.0.2":
  version "4.0.2"
  resolved "https://registry.yarnpkg.com/@marblejs/http/-/http-4.0.2.tgz#277031538e2b9e3bec7df2468b4c1dea10590e08"
  integrity sha512-LwnNyivTF8125JbihnaPtsqi1Nx54b4R6kBi2GTNuKcrJgg1q8vxDzGokJEwPSjnj4k1NwXzmqj0jhBb8gTOyA==
  dependencies:
    "@types/json-schema" "^7.0.3"
    "@types/qs" "^6.9.0"
    "@types/uuid" "^7.0.0"
    chalk "^3.0.0"
    file-type "^8.0.0"
    mime "^2.4.4"
    path-to-regexp "^6.1.0"
    qs "^6.9.1"
    uuid "^7.0.1"

"@marblejs/messaging@^4.0.2":
  version "4.0.2"
  resolved "https://registry.yarnpkg.com/@marblejs/messaging/-/messaging-4.0.2.tgz#d7a3de91cf48606135b993c97bbff5e76e61fc62"
  integrity sha512-aw1xNY1/F4jrzFrSco826//Ft+hm6UKkGk4DiMSxvVl4cA06vE2/4yG/0/jJg4JCDvPnrGMoEkDbCBAZRkbGTw==
  dependencies:
    chalk "~2.4.1"

"@marblejs/middleware-body@^4.0.2":
  version "4.0.2"
  resolved "https://registry.yarnpkg.com/@marblejs/middleware-body/-/middleware-body-4.0.2.tgz#457c6895756a779c137536ec41d616472992e69b"
  integrity sha512-0wEgWIk5nXeGcrYhBflEpwYTyvXc959E3fDgcZtWFT5ch3Cow3d0JT8gtly9fLe8QAFXK/39zdACPYFIXvQ/kg==
  dependencies:
    "@types/content-type" "1.1.2"
    "@types/qs" "^6.5.1"
    "@types/type-is" "~1.6.2"
    content-type "~1.0.4"
    qs "^6.6.0"
    type-is "~1.6.16"

"@marblejs/middleware-cors@^4.0.2":
  version "4.0.2"
  resolved "https://registry.yarnpkg.com/@marblejs/middleware-cors/-/middleware-cors-4.0.2.tgz#725c6ab248977aa22fc8a1b50883fd05f7af15d4"
  integrity sha512-A3DBjiAlUYl9dR9DbOJ2E7DVWqlemvxgewE58mCVdEf0e4ueuTrYytf+E+tC3XJ8kU+bbrU80Jxa3Zh1jeS+MA==

"@marblejs/middleware-io@^4.0.2":
  version "4.0.2"
  resolved "https://registry.yarnpkg.com/@marblejs/middleware-io/-/middleware-io-4.0.2.tgz#c4caceb9b9c5b657b3a052e9666354999daed270"
  integrity sha512-n0skpX/uNjH02rdpr5dFJIzGxTIlCCRsmNKqWpA9rFPT6hFhnjDJpu6nFvVnZrbausJqhqLhwSl7ymUcz2B7cg==
  dependencies:
    "@types/json-schema" "^7.0.3"
    io-ts "^2.2.10"

"@marblejs/middleware-logger@^4.0.2":
  version "4.0.2"
  resolved "https://registry.yarnpkg.com/@marblejs/middleware-logger/-/middleware-logger-4.0.2.tgz#ffaa3df35c28340b3db17e48de3ca9026afec5db"
  integrity sha512-o4U7Y53ZJG26BpBVLKSjMAWiw/zDzVTzvhk2cxKM8cHZHmD7FQsf0XFf866vEhyIquSfngNLQLvjBfxGXi/c5Q==
  dependencies:
    chalk "^2.4.1"

"@marblejs/middleware-multipart@^4.0.2":
  version "4.0.2"
  resolved "https://registry.yarnpkg.com/@marblejs/middleware-multipart/-/middleware-multipart-4.0.2.tgz#1a21234ac4f39b235e0e0148844fef2158e1de38"
  integrity sha512-hbmKuAOda9U8NIUdBrM4l3uTdBqVthpUL72FmLL34SvQFkz/NPutK1F0d18lgqXWz8NPVs4U2rrK3EVzpmf5vQ==
  dependencies:
    "@fastify/busboy" "^1.0.0"

"@marblejs/testing@^4.0.2":
  version "4.0.2"
  resolved "https://registry.yarnpkg.com/@marblejs/testing/-/testing-4.0.2.tgz#974a1101d448e079f3c57684a92d7ded436d071d"
  integrity sha512-+Q3aTuIuKgSjKLSfCWG5/L/No+ijtb0UIMmK1O2sXycrAX+g3oF++xEJhBOrBqFUQoM7nl+TLduCpHXpcRL6ZQ==

"@marblejs/websockets@^4.0.2":
  version "4.0.2"
  resolved "https://registry.yarnpkg.com/@marblejs/websockets/-/websockets-4.0.2.tgz#0a55ee6dd5219e1ae3e0c6fbc5d1f09e3602de77"
  integrity sha512-IIHHK7bnAoiczRcH22GaWzkAGUVFSeLyZOB7c3qwhtJQP/RnTtI87S7o5Q+Djjhiudv3JmeGDwbDdOog32JhMw==
  dependencies:
    "@types/ws" "~6.0.1"
    path-to-regexp "^6.1.0"
    ws "~7.4.6"

"@napi-rs/triples@^1.1.0":
  version "1.1.0"
  resolved "https://registry.yarnpkg.com/@napi-rs/triples/-/triples-1.1.0.tgz#88c35b72e79a20b79bb4c9b3e2817241a1c9f4f9"
  integrity sha512-XQr74QaLeMiqhStEhLn1im9EOMnkypp7MZOwQhGzqp2Weu5eQJbpPxWxixxlYRKWPOmJjsk6qYfYH9kq43yc2w==

"@node-rs/helper@^1.0.0":
  version "1.3.0"
  resolved "https://registry.yarnpkg.com/@node-rs/helper/-/helper-1.3.0.tgz#9326c6c25db045ab827ca9a43ef2f9935d4a9353"
  integrity sha512-KPS0EBA1bXtf96IL7wr5bFHxhL2KCZ6kI/hkyLG7nzEq2cDq8pJhOhcJDOLXIPh5J2LEJ5eXyjDTWDFg5eRypw==
  dependencies:
    "@napi-rs/triples" "^1.1.0"

"@rollup/pluginutils@^4.1.1":
  version "4.1.2"
  resolved "https://registry.yarnpkg.com/@rollup/pluginutils/-/pluginutils-4.1.2.tgz#ed5821c15e5e05e32816f5fb9ec607cdf5a75751"
  integrity sha512-ROn4qvkxP9SyPeHaf7uQC/GPFY6L/OWy9+bd9AwcjOAWQwxRscoEyAUD8qCY5o5iL4jqQwoLk2kaTKJPb/HwzQ==
  dependencies:
    estree-walker "^2.0.1"
    picomatch "^2.2.2"

"@swc/core-android-arm-eabi@1.2.124":
  version "1.2.124"
  resolved "https://registry.yarnpkg.com/@swc/core-android-arm-eabi/-/core-android-arm-eabi-1.2.124.tgz#133137ca1cdbaea020d76c2f9bd67678a650d7c9"
  integrity sha512-AmggTQSCwng0EorYerxD1n+vff6OYmjwjdAnBe+yWwWFt2jLSgWbdNWs9bmR1YM/w6AHnVFOB99Xkr1+hLWqSQ==

"@swc/core-android-arm64@1.2.124":
  version "1.2.124"
  resolved "https://registry.yarnpkg.com/@swc/core-android-arm64/-/core-android-arm64-1.2.124.tgz#5dfe2cba731319b73befa5ee1be01c99f654483d"
  integrity sha512-WxTzXP5w6kredCQLjXZGF3YA0ThMmlME9UdyMv2/npEA40nyArIyJSApKZOju9+uHIu2y/uLJUBaQIXEjsqYtg==

"@swc/core-darwin-arm64@1.2.124":
  version "1.2.124"
  resolved "https://registry.yarnpkg.com/@swc/core-darwin-arm64/-/core-darwin-arm64-1.2.124.tgz#e06a5cca1d06c3befa8622ce425ef9619d47249e"
  integrity sha512-hAiquQXxHxd57xy6Xu6NpOP8ehTA2eaTrgyqmLWS5CMqxQtasaiJhvTdJF6SWnfQ7Ii8JQRIl1h2DTyqHnumhQ==

"@swc/core-darwin-x64@1.2.124":
  version "1.2.124"
  resolved "https://registry.yarnpkg.com/@swc/core-darwin-x64/-/core-darwin-x64-1.2.124.tgz#7411d05dccf68ea45fb4381482733233edca9375"
  integrity sha512-pWTtlUlL6C0qhISauqGez7xarR2Kt3U3vBM8GdXmNPLarp7BfYn4TjPAVnrl2IxMmnQjWw9Iqz++QFEkhB4vtA==

"@swc/core-freebsd-x64@1.2.124":
  version "1.2.124"
  resolved "https://registry.yarnpkg.com/@swc/core-freebsd-x64/-/core-freebsd-x64-1.2.124.tgz#1ee48f3bedf17236220cd4e80959ac580b0bdacc"
  integrity sha512-lLszunzN2cLBLFD/1TmKYxM5V/HiU9z6vFeUufQJA6CngFpMiTSF3EUAEyfCgLJIMwe9lpNcolf9jTrwftuWMQ==

"@swc/core-linux-arm-gnueabihf@1.2.124":
  version "1.2.124"
  resolved "https://registry.yarnpkg.com/@swc/core-linux-arm-gnueabihf/-/core-linux-arm-gnueabihf-1.2.124.tgz#c5b0dd1e10f4315a5db2511fef74fb751df9eeb4"
  integrity sha512-X0gwHYWIdg7aVvKj1+pSdbNa4LdSY4P5vADacYA/iMnwspMrR++MKQMNEAFrafsXucIQZ1VFkh6sgaSLdzIYdw==

"@swc/core-linux-arm64-gnu@1.2.124":
  version "1.2.124"
  resolved "https://registry.yarnpkg.com/@swc/core-linux-arm64-gnu/-/core-linux-arm64-gnu-1.2.124.tgz#e1dcf554c6f922c6c1b13c45364275c68175edec"
  integrity sha512-GAA3LVq/HK34LV09Lt0jqspGyaRL1+5vPNLGcnT61eksSmYTRmzByqinBhTBoZRXih4R04jmUjQHWcsMieLgIA==

"@swc/core-linux-arm64-musl@1.2.124":
  version "1.2.124"
  resolved "https://registry.yarnpkg.com/@swc/core-linux-arm64-musl/-/core-linux-arm64-musl-1.2.124.tgz#11112442d7ab65cbe53893e83817e5340e2c9e9e"
  integrity sha512-bwqy00UQgqHANhnbgjKEx3OBngvuWMx3MQq7Rhik/w4TNCp2plMTVi2WKKx38rQbOHIUFqeoJMvCUypk4hdtoA==

"@swc/core-linux-x64-gnu@1.2.124":
  version "1.2.124"
  resolved "https://registry.yarnpkg.com/@swc/core-linux-x64-gnu/-/core-linux-x64-gnu-1.2.124.tgz#102437b10fa7eddc876b376b2412d97ba0306fa1"
  integrity sha512-IIaj32hGR5HZahFsQmFBoPprI137BHFqvysRHVQV5Xnobc7cERo/CRUc5Bf+iRI1Yc3W2hFTCPbqg1mJjgWBNw==

"@swc/core-linux-x64-musl@1.2.124":
  version "1.2.124"
  resolved "https://registry.yarnpkg.com/@swc/core-linux-x64-musl/-/core-linux-x64-musl-1.2.124.tgz#97b467f1394d8628c17765fe0f23c49fc7a084d8"
  integrity sha512-ZbRa6ovqDXmuhZYtroL2TCParkLiRAxuJ9ZjmM7OV4zVYVwLwJjTJu6S1PyhTKbxNwbw6Grz1apmIfxYGKuotg==

"@swc/core-win32-arm64-msvc@1.2.124":
  version "1.2.124"
  resolved "https://registry.yarnpkg.com/@swc/core-win32-arm64-msvc/-/core-win32-arm64-msvc-1.2.124.tgz#d3ddd30109698542853d2b689203b712229c4966"
  integrity sha512-qriItV1VouqsJz4EAZ2Y9zIMPcNCyLpHVkgiNE2yjJNGSXZzDtNe50ELoCM9g5hIkgUVi3r4fTWSGQvGEIPXXw==

"@swc/core-win32-ia32-msvc@1.2.124":
  version "1.2.124"
  resolved "https://registry.yarnpkg.com/@swc/core-win32-ia32-msvc/-/core-win32-ia32-msvc-1.2.124.tgz#28918d324b7e0f038291b2d69b63fe6fd50584e5"
  integrity sha512-E0j1uT/SPYkAfMeGN02gRel2L7CdYkZJ4bQGRII3rZ1VSV5M6QuVKYKVhZlhYirFxTviPUZaD6cZ58HPyJv0Wg==

"@swc/core-win32-x64-msvc@1.2.124":
  version "1.2.124"
  resolved "https://registry.yarnpkg.com/@swc/core-win32-x64-msvc/-/core-win32-x64-msvc-1.2.124.tgz#77b867ee3878b9cd0ad58e795135efb1df742687"
  integrity sha512-krUJDwtn14yE4BhtMZv8NeU8uZiskKnKbm7lw7JBo+QgZT1eq2HBkpqA9lBd7JIrrywK1pu9K1dykyaJuZhFZw==

"@swc/core@^1.2.93":
  version "1.2.124"
  resolved "https://registry.yarnpkg.com/@swc/core/-/core-1.2.124.tgz#e763820a9762eba8f7956de9374b38474c940bef"
  integrity sha512-xKcfJ7bR+hmSgtQUpK1C7UjJ47X4j/iaefdDCAo2GFyUcTfS40LJoLUGYfYLBmCPbgFP8jozWgQITRrlhp2V2A==
  dependencies:
    "@node-rs/helper" "^1.0.0"
  optionalDependencies:
    "@swc/core-android-arm-eabi" "1.2.124"
    "@swc/core-android-arm64" "1.2.124"
    "@swc/core-darwin-arm64" "1.2.124"
    "@swc/core-darwin-x64" "1.2.124"
    "@swc/core-freebsd-x64" "1.2.124"
    "@swc/core-linux-arm-gnueabihf" "1.2.124"
    "@swc/core-linux-arm64-gnu" "1.2.124"
    "@swc/core-linux-arm64-musl" "1.2.124"
    "@swc/core-linux-x64-gnu" "1.2.124"
    "@swc/core-linux-x64-musl" "1.2.124"
    "@swc/core-win32-arm64-msvc" "1.2.124"
    "@swc/core-win32-ia32-msvc" "1.2.124"
    "@swc/core-win32-x64-msvc" "1.2.124"

"@types/content-type@1.1.2":
  version "1.1.2"
  resolved "https://registry.yarnpkg.com/@types/content-type/-/content-type-1.1.2.tgz#bff0a1b7aa5bd48516c8ed7a6efefb1e85813245"
  integrity sha512-w2d7fBCYbCBUBTGtkC4JfX1FicTtgEmq7wTTjc7rC5RA/JdB1Bi7o88nKzUqAnIIBXJVmq0n4tTmF3PJN8QqCg==

"@types/json-schema@^7.0.3":
  version "7.0.9"
  resolved "https://registry.yarnpkg.com/@types/json-schema/-/json-schema-7.0.9.tgz#97edc9037ea0c38585320b28964dde3b39e4660d"
  integrity sha512-qcUXuemtEu+E5wZSJHNxUXeCZhAfXKQ41D+duX+VYPde7xyEVZci+/oXKJL13tnRs9lR2pr4fod59GT6/X1/yQ==

"@types/node@*":
  version "17.0.5"
  resolved "https://registry.yarnpkg.com/@types/node/-/node-17.0.5.tgz#57ca67ec4e57ad9e4ef5a6bab48a15387a1c83e0"
  integrity sha512-w3mrvNXLeDYV1GKTZorGJQivK6XLCoGwpnyJFbJVK/aTBQUxOCaa/GlFAAN3OTDFcb7h5tiFG+YXCO2By+riZw==

"@types/node@^10.1.2":
  version "10.17.60"
  resolved "https://registry.yarnpkg.com/@types/node/-/node-10.17.60.tgz#35f3d6213daed95da7f0f73e75bcc6980e90597b"
  integrity sha512-F0KIgDJfy2nA3zMLmWGKxcH2ZVEtCZXHHdOQs2gSaQ27+lNeEfGxzkIw90aXswATX7AZ33tahPbzy6KAfUreVw==

"@types/qs@^6.5.1", "@types/qs@^6.9.0":
  version "6.9.7"
  resolved "https://registry.yarnpkg.com/@types/qs/-/qs-6.9.7.tgz#63bb7d067db107cc1e457c303bc25d511febf6cb"
  integrity sha512-FGa1F62FT09qcrueBA6qYTrJPVDzah9a+493+o2PCXsesWHIn27G98TsSMs3WPNbZIEj4+VJf6saSFpvD+3Zsw==

"@types/type-is@~1.6.2":
  version "1.6.3"
  resolved "https://registry.yarnpkg.com/@types/type-is/-/type-is-1.6.3.tgz#45285b3be846a4afc9d488910a8e4b7bc2e8a169"
  integrity sha512-PNs5wHaNcBgCQG5nAeeZ7OvosrEsI9O4W2jAOO9BCCg4ux9ZZvH2+0iSCOIDBiKuQsiNS8CBlmfX9f5YBQ22cA==
  dependencies:
    "@types/node" "*"

"@types/uuid@^7.0.0":
  version "7.0.5"
  resolved "https://registry.yarnpkg.com/@types/uuid/-/uuid-7.0.5.tgz#b1d2f772142a301538fae9bdf9cf15b9f2573a29"
  integrity sha512-hKB88y3YHL8oPOs/CNlaXtjWn93+Bs48sDQR37ZUqG2tLeCS7EA1cmnkKsuQsub9OKEB/y/Rw9zqJqqNSbqVlQ==

"@types/ws@~6.0.1":
  version "6.0.4"
  resolved "https://registry.yarnpkg.com/@types/ws/-/ws-6.0.4.tgz#7797707c8acce8f76d8c34b370d4645b70421ff1"
  integrity sha512-PpPrX7SZW9re6+Ha8ojZG4Se8AZXgf0GK6zmfqEuCsY49LFDNXO3SByp44X3dFEqtB73lkCDAdUazhAjVPiNwg==
  dependencies:
    "@types/node" "*"

ansi-styles@^3.2.1:
  version "3.2.1"
  resolved "https://registry.yarnpkg.com/ansi-styles/-/ansi-styles-3.2.1.tgz#41fbb20243e50b12be0f04b8dedbf07520ce841d"
  integrity sha512-VT0ZI6kZRdTh8YyJw3SMbYm/u+NqfsAxEpWO0Pf9sq8/e94WxxOpPKx9FR1FlyCtOVDNOQ+8ntlqFxiRc+r5qA==
  dependencies:
    color-convert "^1.9.0"

ansi-styles@^4.1.0:
  version "4.3.0"
  resolved "https://registry.yarnpkg.com/ansi-styles/-/ansi-styles-4.3.0.tgz#edd803628ae71c04c85ae7a0906edad34b648937"
  integrity sha512-zbB9rCJAT1rbjiVDb2hqKFHNYLxgtk8NURxZ3IZwD3F6NtxbXZQCnnSi1Lkx+IDohdPlFp222wVALIheZJQSEg==
  dependencies:
    color-convert "^2.0.1"

call-bind@^1.0.0:
  version "1.0.2"
  resolved "https://registry.yarnpkg.com/call-bind/-/call-bind-1.0.2.tgz#b1d4e89e688119c3c9a903ad30abb2f6a919be3c"
  integrity sha512-7O+FbCihrB5WGbFYesctwmTKae6rOiIzmz1icreWJ+0aA7LJfuqhEso2T9ncpcFtzMQtzXf2QGGueWJGTYsqrA==
  dependencies:
    function-bind "^1.1.1"
    get-intrinsic "^1.0.2"

chalk@^2.4.1, chalk@~2.4.1:
  version "2.4.2"
  resolved "https://registry.yarnpkg.com/chalk/-/chalk-2.4.2.tgz#cd42541677a54333cf541a49108c1432b44c9424"
  integrity sha512-Mti+f9lpJNcwF4tWV8/OrTTtF1gZi+f8FqlyAdouralcFWFQWF2+NgCHShjkCb+IFBLq9buZwE1xckQU4peSuQ==
  dependencies:
    ansi-styles "^3.2.1"
    escape-string-regexp "^1.0.5"
    supports-color "^5.3.0"

chalk@^3.0.0:
  version "3.0.0"
  resolved "https://registry.yarnpkg.com/chalk/-/chalk-3.0.0.tgz#3f73c2bf526591f574cc492c51e2456349f844e4"
  integrity sha512-4D3B6Wf41KOYRFdszmDqMCGq5VV/uMAB273JILmO+3jAlh8X4qDtdtgCR3fxtbLEMzSx22QdhnDcJvu2u1fVwg==
  dependencies:
    ansi-styles "^4.1.0"
    supports-color "^7.1.0"

chalk@^4.1.2:
  version "4.1.2"
  resolved "https://registry.yarnpkg.com/chalk/-/chalk-4.1.2.tgz#aac4e2b7734a740867aeb16bf02aad556a1e7a01"
  integrity sha512-oKnbhFyRIXpUuez8iBMmyEa4nbj4IOQyuhc/wy9kY7/WVPcwIO9VA668Pu8RkO7+0G76SLROeyw9CpQ061i4mA==
  dependencies:
    ansi-styles "^4.1.0"
    supports-color "^7.1.0"

color-convert@^1.9.0:
  version "1.9.3"
  resolved "https://registry.yarnpkg.com/color-convert/-/color-convert-1.9.3.tgz#bb71850690e1f136567de629d2d5471deda4c1e8"
  integrity sha512-QfAUtd+vFdAtFQcC8CCyYt1fYWxSqAiK2cSD6zDB8N3cpsEBAvRxp9zOGg6G/SHHJYAT88/az/IuDGALsNVbGg==
  dependencies:
    color-name "1.1.3"

color-convert@^2.0.1:
  version "2.0.1"
  resolved "https://registry.yarnpkg.com/color-convert/-/color-convert-2.0.1.tgz#72d3a68d598c9bdb3af2ad1e84f21d896abd4de3"
  integrity sha512-RRECPsj7iu/xb5oKYcsFHSppFNnsj/52OVTRKb4zP5onXwVF3zVmmToNcOfGC+CRDpfK/U584fMg38ZHCaElKQ==
  dependencies:
    color-name "~1.1.4"

color-name@1.1.3:
  version "1.1.3"
  resolved "https://registry.yarnpkg.com/color-name/-/color-name-1.1.3.tgz#a7d0558bd89c42f795dd42328f740831ca53bc25"
  integrity sha1-p9BVi9icQveV3UIyj3QIMcpTvCU=

color-name@~1.1.4:
  version "1.1.4"
  resolved "https://registry.yarnpkg.com/color-name/-/color-name-1.1.4.tgz#c2a09a87acbde69543de6f63fa3995c826c536a2"
  integrity sha512-dOy+3AuW3a2wNbZHIuMZpTcgjGuLU/uBL/ubcZF9OXbDo8ff4O8yVp5Bf0efS8uEoYo5q4Fx7dY9OgQGXgAsQA==

content-type@~1.0.4:
  version "1.0.4"
  resolved "https://registry.yarnpkg.com/content-type/-/content-type-1.0.4.tgz#e138cc75e040c727b1966fe5e5f8c9aee256fe3b"
  integrity sha512-hIP3EEPs8tB9AT1L+NUqtwOAps4mk2Zob89MWXMHjHWg9milF/j4osnnQLXBCBFBk/tvIG/tUc9mOUJiPBhPXA==

debug@^4.3.2:
  version "4.3.3"
  resolved "https://registry.yarnpkg.com/debug/-/debug-4.3.3.tgz#04266e0b70a98d4462e6e288e38259213332b664"
  integrity sha512-/zxw5+vh1Tfv+4Qn7a5nsbcJKPaSvCDhojn6FEl9vupwK2VCSDtEiEtqr8DFtzYFOdz63LBkxec7DYuc2jon6Q==
  dependencies:
    ms "2.1.2"

esbuild-android-arm64@0.13.15:
  version "0.13.15"
  resolved "https://registry.yarnpkg.com/esbuild-android-arm64/-/esbuild-android-arm64-0.13.15.tgz#3fc3ff0bab76fe35dd237476b5d2b32bb20a3d44"
  integrity sha512-m602nft/XXeO8YQPUDVoHfjyRVPdPgjyyXOxZ44MK/agewFFkPa8tUo6lAzSWh5Ui5PB4KR9UIFTSBKh/RrCmg==

esbuild-darwin-64@0.13.15:
  version "0.13.15"
  resolved "https://registry.yarnpkg.com/esbuild-darwin-64/-/esbuild-darwin-64-0.13.15.tgz#8e9169c16baf444eacec60d09b24d11b255a8e72"
  integrity sha512-ihOQRGs2yyp7t5bArCwnvn2Atr6X4axqPpEdCFPVp7iUj4cVSdisgvEKdNR7yH3JDjW6aQDw40iQFoTqejqxvQ==

esbuild-darwin-arm64@0.13.15:
  version "0.13.15"
  resolved "https://registry.yarnpkg.com/esbuild-darwin-arm64/-/esbuild-darwin-arm64-0.13.15.tgz#1b07f893b632114f805e188ddfca41b2b778229a"
  integrity sha512-i1FZssTVxUqNlJ6cBTj5YQj4imWy3m49RZRnHhLpefFIh0To05ow9DTrXROTE1urGTQCloFUXTX8QfGJy1P8dQ==

esbuild-freebsd-64@0.13.15:
  version "0.13.15"
  resolved "https://registry.yarnpkg.com/esbuild-freebsd-64/-/esbuild-freebsd-64-0.13.15.tgz#0b8b7eca1690c8ec94c75680c38c07269c1f4a85"
  integrity sha512-G3dLBXUI6lC6Z09/x+WtXBXbOYQZ0E8TDBqvn7aMaOCzryJs8LyVXKY4CPnHFXZAbSwkCbqiPuSQ1+HhrNk7EA==

esbuild-freebsd-arm64@0.13.15:
  version "0.13.15"
  resolved "https://registry.yarnpkg.com/esbuild-freebsd-arm64/-/esbuild-freebsd-arm64-0.13.15.tgz#2e1a6c696bfdcd20a99578b76350b41db1934e52"
  integrity sha512-KJx0fzEDf1uhNOZQStV4ujg30WlnwqUASaGSFPhznLM/bbheu9HhqZ6mJJZM32lkyfGJikw0jg7v3S0oAvtvQQ==

esbuild-linux-32@0.13.15:
  version "0.13.15"
  resolved "https://registry.yarnpkg.com/esbuild-linux-32/-/esbuild-linux-32-0.13.15.tgz#6fd39f36fc66dd45b6b5f515728c7bbebc342a69"
  integrity sha512-ZvTBPk0YWCLMCXiFmD5EUtB30zIPvC5Itxz0mdTu/xZBbbHJftQgLWY49wEPSn2T/TxahYCRDWun5smRa0Tu+g==

esbuild-linux-64@0.13.15:
  version "0.13.15"
  resolved "https://registry.yarnpkg.com/esbuild-linux-64/-/esbuild-linux-64-0.13.15.tgz#9cb8e4bcd7574e67946e4ee5f1f1e12386bb6dd3"
  integrity sha512-eCKzkNSLywNeQTRBxJRQ0jxRCl2YWdMB3+PkWFo2BBQYC5mISLIVIjThNtn6HUNqua1pnvgP5xX0nHbZbPj5oA==

esbuild-linux-arm64@0.13.15:
  version "0.13.15"
  resolved "https://registry.yarnpkg.com/esbuild-linux-arm64/-/esbuild-linux-arm64-0.13.15.tgz#3891aa3704ec579a1b92d2a586122e5b6a2bfba1"
  integrity sha512-bYpuUlN6qYU9slzr/ltyLTR9YTBS7qUDymO8SV7kjeNext61OdmqFAzuVZom+OLW1HPHseBfJ/JfdSlx8oTUoA==

esbuild-linux-arm@0.13.15:
  version "0.13.15"
  resolved "https://registry.yarnpkg.com/esbuild-linux-arm/-/esbuild-linux-arm-0.13.15.tgz#8a00e99e6a0c6c9a6b7f334841364d8a2b4aecfe"
  integrity sha512-wUHttDi/ol0tD8ZgUMDH8Ef7IbDX+/UsWJOXaAyTdkT7Yy9ZBqPg8bgB/Dn3CZ9SBpNieozrPRHm0BGww7W/jA==

esbuild-linux-mips64le@0.13.15:
  version "0.13.15"
  resolved "https://registry.yarnpkg.com/esbuild-linux-mips64le/-/esbuild-linux-mips64le-0.13.15.tgz#36b07cc47c3d21e48db3bb1f4d9ef8f46aead4f7"
  integrity sha512-KlVjIG828uFPyJkO/8gKwy9RbXhCEUeFsCGOJBepUlpa7G8/SeZgncUEz/tOOUJTcWMTmFMtdd3GElGyAtbSWg==

esbuild-linux-ppc64le@0.13.15:
  version "0.13.15"
  resolved "https://registry.yarnpkg.com/esbuild-linux-ppc64le/-/esbuild-linux-ppc64le-0.13.15.tgz#f7e6bba40b9a11eb9dcae5b01550ea04670edad2"
  integrity sha512-h6gYF+OsaqEuBjeesTBtUPw0bmiDu7eAeuc2OEH9S6mV9/jPhPdhOWzdeshb0BskRZxPhxPOjqZ+/OqLcxQwEQ==

esbuild-netbsd-64@0.13.15:
  version "0.13.15"
  resolved "https://registry.yarnpkg.com/esbuild-netbsd-64/-/esbuild-netbsd-64-0.13.15.tgz#a2fedc549c2b629d580a732d840712b08d440038"
  integrity sha512-3+yE9emwoevLMyvu+iR3rsa+Xwhie7ZEHMGDQ6dkqP/ndFzRHkobHUKTe+NCApSqG5ce2z4rFu+NX/UHnxlh3w==

esbuild-openbsd-64@0.13.15:
  version "0.13.15"
  resolved "https://registry.yarnpkg.com/esbuild-openbsd-64/-/esbuild-openbsd-64-0.13.15.tgz#b22c0e5806d3a1fbf0325872037f885306b05cd7"
  integrity sha512-wTfvtwYJYAFL1fSs8yHIdf5GEE4NkbtbXtjLWjM3Cw8mmQKqsg8kTiqJ9NJQe5NX/5Qlo7Xd9r1yKMMkHllp5g==

esbuild-sunos-64@0.13.15:
  version "0.13.15"
  resolved "https://registry.yarnpkg.com/esbuild-sunos-64/-/esbuild-sunos-64-0.13.15.tgz#d0b6454a88375ee8d3964daeff55c85c91c7cef4"
  integrity sha512-lbivT9Bx3t1iWWrSnGyBP9ODriEvWDRiweAs69vI+miJoeKwHWOComSRukttbuzjZ8r1q0mQJ8Z7yUsDJ3hKdw==

esbuild-windows-32@0.13.15:
  version "0.13.15"
  resolved "https://registry.yarnpkg.com/esbuild-windows-32/-/esbuild-windows-32-0.13.15.tgz#c96d0b9bbb52f3303322582ef8e4847c5ad375a7"
  integrity sha512-fDMEf2g3SsJ599MBr50cY5ve5lP1wyVwTe6aLJsM01KtxyKkB4UT+fc5MXQFn3RLrAIAZOG+tHC+yXObpSn7Nw==

esbuild-windows-64@0.13.15:
  version "0.13.15"
  resolved "https://registry.yarnpkg.com/esbuild-windows-64/-/esbuild-windows-64-0.13.15.tgz#1f79cb9b1e1bb02fb25cd414cb90d4ea2892c294"
  integrity sha512-9aMsPRGDWCd3bGjUIKG/ZOJPKsiztlxl/Q3C1XDswO6eNX/Jtwu4M+jb6YDH9hRSUflQWX0XKAfWzgy5Wk54JQ==

esbuild-windows-arm64@0.13.15:
  version "0.13.15"
  resolved "https://registry.yarnpkg.com/esbuild-windows-arm64/-/esbuild-windows-arm64-0.13.15.tgz#482173070810df22a752c686509c370c3be3b3c3"
  integrity sha512-zzvyCVVpbwQQATaf3IG8mu1IwGEiDxKkYUdA4FpoCHi1KtPa13jeScYDjlW0Qh+ebWzpKfR2ZwvqAQkSWNcKjA==

esbuild@^0.13.12:
  version "0.13.15"
  resolved "https://registry.yarnpkg.com/esbuild/-/esbuild-0.13.15.tgz#db56a88166ee373f87dbb2d8798ff449e0450cdf"
  integrity sha512-raCxt02HBKv8RJxE8vkTSCXGIyKHdEdGfUmiYb8wnabnaEmHzyW7DCHb5tEN0xU8ryqg5xw54mcwnYkC4x3AIw==
  optionalDependencies:
    esbuild-android-arm64 "0.13.15"
    esbuild-darwin-64 "0.13.15"
    esbuild-darwin-arm64 "0.13.15"
    esbuild-freebsd-64 "0.13.15"
    esbuild-freebsd-arm64 "0.13.15"
    esbuild-linux-32 "0.13.15"
    esbuild-linux-64 "0.13.15"
    esbuild-linux-arm "0.13.15"
    esbuild-linux-arm64 "0.13.15"
    esbuild-linux-mips64le "0.13.15"
    esbuild-linux-ppc64le "0.13.15"
    esbuild-netbsd-64 "0.13.15"
    esbuild-openbsd-64 "0.13.15"
    esbuild-sunos-64 "0.13.15"
    esbuild-windows-32 "0.13.15"
    esbuild-windows-64 "0.13.15"
    esbuild-windows-arm64 "0.13.15"

escape-string-regexp@^1.0.5:
  version "1.0.5"
  resolved "https://registry.yarnpkg.com/escape-string-regexp/-/escape-string-regexp-1.0.5.tgz#1b61c0562190a8dff6ae3bb2cf0200ca130b86d4"
  integrity sha1-G2HAViGQqN/2rjuyzwIAyhMLhtQ=

estree-walker@^2.0.1:
  version "2.0.2"
  resolved "https://registry.yarnpkg.com/estree-walker/-/estree-walker-2.0.2.tgz#52f010178c2a4c117a7757cfe942adb7d2da4cac"
  integrity sha512-Rfkk/Mp/DL7JVje3u18FxFujQlTNR2q6QfMSMB7AvCBx91NGj/ba3kCfza0f6dVDbw7YlRf/nDrn7pQrCCyQ/w==

file-type@^8.0.0:
  version "8.1.0"
  resolved "https://registry.yarnpkg.com/file-type/-/file-type-8.1.0.tgz#244f3b7ef641bbe0cca196c7276e4b332399f68c"
  integrity sha512-qyQ0pzAy78gVoJsmYeNgl8uH8yKhr1lVhW7JbzJmnlRi0I4R2eEDEJZVKG8agpDnLpacwNbDhLNG/LMdxHD2YQ==

fp-ts@^2.8.2:
  version "2.11.5"
  resolved "https://registry.yarnpkg.com/fp-ts/-/fp-ts-2.11.5.tgz#97cceb26655b1452d7088d6fb0864f84cceffbe4"
  integrity sha512-OqlwJq1BdpB83BZXTqI+dNcA6uYk6qk4u9Cgnt64Y+XS7dwdbp/mobx8S2KXf2AXH+scNmA/UVK3SEFHR3vHZA==

fsevents@~2.3.2:
  version "2.3.2"
  resolved "https://registry.yarnpkg.com/fsevents/-/fsevents-2.3.2.tgz#8a526f78b8fdf4623b709e0b975c52c24c02fd1a"
  integrity sha512-xiqMQR4xAeHTuB9uWm+fFRcIOgKBMiOBP+eXiyT7jsgVCq1bkVygt00oASowB7EdtpOHaaPgKt812P9ab+DDKA==

function-bind@^1.1.1:
  version "1.1.1"
  resolved "https://registry.yarnpkg.com/function-bind/-/function-bind-1.1.1.tgz#a56899d3ea3c9bab874bb9773b7c5ede92f4895d"
  integrity sha512-yIovAzMX49sF8Yl58fSCWJ5svSLuaibPxXQJFLmBObTuCr0Mf1KiPopGM9NiFjiYBCbfaa2Fh6breQ6ANVTI0A==

get-intrinsic@^1.0.2:
  version "1.1.1"
  resolved "https://registry.yarnpkg.com/get-intrinsic/-/get-intrinsic-1.1.1.tgz#15f59f376f855c446963948f0d24cd3637b4abc6"
  integrity sha512-kWZrnVM42QCiEA2Ig1bG8zjoIMOgxWwYCEeNdwY6Tv/cOSeGpcoX4pXHfKUxNKVoArnrEr2e9srnAxxGIraS9Q==
  dependencies:
    function-bind "^1.1.1"
    has "^1.0.3"
    has-symbols "^1.0.1"

has-flag@^3.0.0:
  version "3.0.0"
  resolved "https://registry.yarnpkg.com/has-flag/-/has-flag-3.0.0.tgz#b5d454dc2199ae225699f3467e5a07f3b955bafd"
  integrity sha1-tdRU3CGZriJWmfNGfloH87lVuv0=

has-flag@^4.0.0:
  version "4.0.0"
  resolved "https://registry.yarnpkg.com/has-flag/-/has-flag-4.0.0.tgz#944771fd9c81c81265c4d6941860da06bb59479b"
  integrity sha512-EykJT/Q1KjTWctppgIAgfSO0tKVuZUjhgMr17kqTumMl6Afv3EISleU7qZUzoXDFTAHTDC4NOoG/ZxU3EvlMPQ==

has-symbols@^1.0.1:
  version "1.0.2"
  resolved "https://registry.yarnpkg.com/has-symbols/-/has-symbols-1.0.2.tgz#165d3070c00309752a1236a479331e3ac56f1423"
  integrity sha512-chXa79rL/UC2KlX17jo3vRGz0azaWEx5tGqZg5pO3NUyEJVB17dMruQlzCCOfUvElghKcm5194+BCRvi2Rv/Gw==

has@^1.0.3:
  version "1.0.3"
  resolved "https://registry.yarnpkg.com/has/-/has-1.0.3.tgz#722d7cbfc1f6aa8241f16dd814e011e1f41e8796"
  integrity sha512-f2dvO0VU6Oej7RkWJGrehjbzMAjFp5/VKPp5tTpWIV4JHHZK1/BxbFRtf/siA2SWTe09caDmVtYYzWEIbBS4zw==
  dependencies:
    function-bind "^1.1.1"

io-ts@^2.2.10, io-ts@^2.2.4:
  version "2.2.16"
  resolved "https://registry.yarnpkg.com/io-ts/-/io-ts-2.2.16.tgz#597dffa03db1913fc318c9c6df6931cb4ed808b2"
  integrity sha512-y5TTSa6VP6le0hhmIyN0dqEXkrZeJLeC5KApJq6VLci3UEKF80lZ+KuoUs02RhBxNWlrqSNxzfI7otLX1Euv8Q==

is-core-module@^2.2.0:
  version "2.8.0"
  resolved "https://registry.yarnpkg.com/is-core-module/-/is-core-module-2.8.0.tgz#0321336c3d0925e497fd97f5d95cb114a5ccd548"
  integrity sha512-vd15qHsaqrRL7dtH6QNuy0ndJmRDrS9HAM1CAiSifNUFv4x1a0CCVsj18hJ1mShxIG6T2i1sO78MkP56r0nYRw==
  dependencies:
    has "^1.0.3"

media-typer@0.3.0:
  version "0.3.0"
  resolved "https://registry.yarnpkg.com/media-typer/-/media-typer-0.3.0.tgz#8710d7af0aa626f8fffa1ce00168545263255748"
  integrity sha1-hxDXrwqmJvj/+hzgAWhUUmMlV0g=

mime-db@1.51.0:
  version "1.51.0"
  resolved "https://registry.yarnpkg.com/mime-db/-/mime-db-1.51.0.tgz#d9ff62451859b18342d960850dc3cfb77e63fb0c"
  integrity sha512-5y8A56jg7XVQx2mbv1lu49NR4dokRnhZYTtL+KGfaa27uq4pSTXkwQkFJl4pkRMyNFz/EtYDSkiiEHx3F7UN6g==

mime-types@~2.1.24:
  version "2.1.34"
  resolved "https://registry.yarnpkg.com/mime-types/-/mime-types-2.1.34.tgz#5a712f9ec1503511a945803640fafe09d3793c24"
  integrity sha512-6cP692WwGIs9XXdOO4++N+7qjqv0rqxxVvJ3VHPh/Sc9mVZcQP+ZGhkKiTvWMQRr2tbHkJP/Yn7Y0npb3ZBs4A==
  dependencies:
    mime-db "1.51.0"

mime@^2.4.4:
  version "2.6.0"
  resolved "https://registry.yarnpkg.com/mime/-/mime-2.6.0.tgz#a2a682a95cd4d0cb1d6257e28f83da7e35800367"
  integrity sha512-USPkMeET31rOMiarsBNIHZKLGgvKc/LrjofAnBlOttf5ajRvqiRA8QsenbcooctK6d6Ts6aqZXBA+XbkKthiQg==

ms@2.1.2:
  version "2.1.2"
  resolved "https://registry.yarnpkg.com/ms/-/ms-2.1.2.tgz#d09d1f357b443f493382a8eb3ccd183872ae6009"
  integrity sha512-sGkPx+VjMtmA6MX27oA4FBFELFCZZ4S4XqeGOXCv68tT+jb3vk/RyaKWP0PTKyWtmLSM0b+adUTEvbs1PEaH2w==

nanoid@^3.1.30:
  version "3.1.30"
  resolved "https://registry.yarnpkg.com/nanoid/-/nanoid-3.1.30.tgz#63f93cc548d2a113dc5dfbc63bfa09e2b9b64362"
  integrity sha512-zJpuPDwOv8D2zq2WRoMe1HsfZthVewpel9CAvTfc/2mBD1uUT/agc5f7GHGWXlYkFvi1mVxe4IjvP2HNrop7nQ==

object-inspect@^1.9.0:
  version "1.12.0"
  resolved "https://registry.yarnpkg.com/object-inspect/-/object-inspect-1.12.0.tgz#6e2c120e868fd1fd18cb4f18c31741d0d6e776f0"
  integrity sha512-Ho2z80bVIvJloH+YzRmpZVQe87+qASmBUKZDWgx9cu+KDrX2ZDH/3tMy+gXbZETVGs2M8YdxObOh7XAtim9Y0g==

path-parse@^1.0.6:
  version "1.0.7"
  resolved "https://registry.yarnpkg.com/path-parse/-/path-parse-1.0.7.tgz#fbc114b60ca42b30d9daf5858e4bd68bbedb6735"
  integrity sha512-LDJzPVEEEPR+y48z93A0Ed0yXb8pAByGWo/k5YYdYgpY2/2EsOsksJrq7lOHxryrVOn1ejG6oAp8ahvOIQD8sw==

path-to-regexp@^6.1.0:
  version "6.2.0"
  resolved "https://registry.yarnpkg.com/path-to-regexp/-/path-to-regexp-6.2.0.tgz#f7b3803336104c346889adece614669230645f38"
  integrity sha512-f66KywYG6+43afgE/8j/GoiNyygk/bnoCbps++3ErRKsIYkGGupyv07R2Ok5m9i67Iqc+T2g1eAUGUPzWhYTyg==

picocolors@^1.0.0:
  version "1.0.0"
  resolved "https://registry.yarnpkg.com/picocolors/-/picocolors-1.0.0.tgz#cb5bdc74ff3f51892236eaf79d68bc44564ab81c"
  integrity sha512-1fygroTLlHu66zi26VoTDv8yRgm0Fccecssto+MhsZ0D/DGW2sm8E8AjW7NU5VVTRt5GxbeZ5qBuJr+HyLYkjQ==

picomatch@^2.2.2:
  version "2.3.0"
  resolved "https://registry.yarnpkg.com/picomatch/-/picomatch-2.3.0.tgz#f1f061de8f6a4bf022892e2d128234fb98302972"
  integrity sha512-lY1Q/PiJGC2zOv/z391WOTD+Z02bCgsFfvxoXXf6h7kv9o+WmsmzYqrAwY63sNgOxE4xEdq0WyUnXfKeBrSvYw==

postcss@^8.4.5:
  version "8.4.5"
  resolved "https://registry.yarnpkg.com/postcss/-/postcss-8.4.5.tgz#bae665764dfd4c6fcc24dc0fdf7e7aa00cc77f95"
  integrity sha512-jBDboWM8qpaqwkMwItqTQTiFikhs/67OYVvblFFTM7MrZjt6yMKd6r2kgXizEbTTljacm4NldIlZnhbjr84QYg==
  dependencies:
    nanoid "^3.1.30"
    picocolors "^1.0.0"
    source-map-js "^1.0.1"

qs@^6.6.0, qs@^6.9.1:
  version "6.10.2"
  resolved "https://registry.yarnpkg.com/qs/-/qs-6.10.2.tgz#c1431bea37fc5b24c5bdbafa20f16bdf2a4b9ffe"
  integrity sha512-mSIdjzqznWgfd4pMii7sHtaYF8rx8861hBO80SraY5GT0XQibWZWJSid0avzHGkDIZLImux2S5mXO0Hfct2QCw==
  dependencies:
    side-channel "^1.0.4"

resolve@^1.20.0:
  version "1.20.0"
  resolved "https://registry.yarnpkg.com/resolve/-/resolve-1.20.0.tgz#629a013fb3f70755d6f0b7935cc1c2c5378b1975"
  integrity sha512-wENBPt4ySzg4ybFQW2TT1zMQucPK95HSh/nq2CFTZVOGut2+pQvSsgtda4d26YrYcr067wjbmzOG8byDPBX63A==
  dependencies:
    is-core-module "^2.2.0"
    path-parse "^1.0.6"

rollup@^2.59.0:
  version "2.62.0"
  resolved "https://registry.yarnpkg.com/rollup/-/rollup-2.62.0.tgz#9e640b419fc5b9e0241844f6d55258bd79986ecc"
  integrity sha512-cJEQq2gwB0GWMD3rYImefQTSjrPYaC6s4J9pYqnstVLJ1CHa/aZNVkD4Epuvg4iLeMA4KRiq7UM7awKK6j7jcw==
  optionalDependencies:
    fsevents "~2.3.2"

rxjs@^7.1.0:
  version "7.5.1"
  resolved "https://registry.yarnpkg.com/rxjs/-/rxjs-7.5.1.tgz#af73df343cbcab37628197f43ea0c8256f54b157"
  integrity sha512-KExVEeZWxMZnZhUZtsJcFwz8IvPvgu4G2Z2QyqjZQzUGr32KDYuSxrEYO4w3tFFNbfLozcrKUTvTPi+E9ywJkQ==
  dependencies:
    tslib "^2.1.0"

side-channel@^1.0.4:
  version "1.0.4"
  resolved "https://registry.yarnpkg.com/side-channel/-/side-channel-1.0.4.tgz#efce5c8fdc104ee751b25c58d4290011fa5ea2cf"
  integrity sha512-q5XPytqFEIKHkGdiMIrY10mvLRvnQh42/+GoBlFW3b2LXLE2xxJpZFdm94we0BaoV3RwJyGqg5wS7epxTv0Zvw==
  dependencies:
    call-bind "^1.0.0"
    get-intrinsic "^1.0.2"
    object-inspect "^1.9.0"

source-map-js@^1.0.1:
  version "1.0.1"
  resolved "https://registry.yarnpkg.com/source-map-js/-/source-map-js-1.0.1.tgz#a1741c131e3c77d048252adfa24e23b908670caf"
  integrity sha512-4+TN2b3tqOCd/kaGRJ/sTYA0tR0mdXx26ipdolxcwtJVqEnqNYvlCAt1q3ypy4QMlYus+Zh34RNtYLoq2oQ4IA==

supports-color@^5.3.0:
  version "5.5.0"
  resolved "https://registry.yarnpkg.com/supports-color/-/supports-color-5.5.0.tgz#e2e69a44ac8772f78a1ec0b35b689df6530efc8f"
  integrity sha512-QjVjwdXIt408MIiAqCX4oUKsgU2EqAGzs2Ppkm4aQYbjm+ZEWEcW4SfFNTr4uMNZma0ey4f5lgLrkB0aX0QMow==
  dependencies:
    has-flag "^3.0.0"

supports-color@^7.1.0:
  version "7.2.0"
  resolved "https://registry.yarnpkg.com/supports-color/-/supports-color-7.2.0.tgz#1b7dcdcb32b8138801b3e478ba6a51caa89648da"
  integrity sha512-qpCAvRl9stuOHveKsn7HncJRvv501qIacKzQlO/+Lwxc9+0q2wLyv4Dfvt80/DPn2pqOBsJdDiogXGR9+OvwRw==
  dependencies:
    has-flag "^4.0.0"

text-decoding@^1.0.0:
  version "1.0.0"
  resolved "https://registry.yarnpkg.com/text-decoding/-/text-decoding-1.0.0.tgz#38a5692d23b5c2b12942d6e245599cb58b1bc52f"
  integrity sha512-/0TJD42KDnVwKmDK6jj3xP7E2MG7SHAOG4tyTgyUCRPdHwvkquYNLEQltmdMa3owq3TkddCVcTsoctJI8VQNKA==

tslib@^2.1.0:
  version "2.3.1"
  resolved "https://registry.yarnpkg.com/tslib/-/tslib-2.3.1.tgz#e8a335add5ceae51aa261d32a490158ef042ef01"
  integrity sha512-77EbyPPpMz+FRFRuAFlWMtmgUWGe9UOG2Z25NqCwiIjRhOf5iKGuzSe5P2w1laq+FkRy4p+PCuVkJSGkzTEKVw==

type-is@~1.6.16:
  version "1.6.18"
  resolved "https://registry.yarnpkg.com/type-is/-/type-is-1.6.18.tgz#4e552cd05df09467dcbc4ef739de89f2cf37c131"
  integrity sha512-TkRKr9sUTxEH8MdfuCSP7VizJyzRNMjj2J2do2Jr3Kym598JVdEksuzPQCnlFPW4ky9Q+iA+ma9BGm06XQBy8g==
  dependencies:
    media-typer "0.3.0"
    mime-types "~2.1.24"

typescript@^4.3.2:
  version "4.5.4"
  resolved "https://registry.yarnpkg.com/typescript/-/typescript-4.5.4.tgz#a17d3a0263bf5c8723b9c52f43c5084edf13c2e8"
  integrity sha512-VgYs2A2QIRuGphtzFV7aQJduJ2gyfTljngLzjpfW9FoYZF6xuw1W0vW9ghCKLfcWrCFxK81CSGRAvS1pn4fIUg==

uuid@^7.0.1:
  version "7.0.3"
  resolved "https://registry.yarnpkg.com/uuid/-/uuid-7.0.3.tgz#c5c9f2c8cf25dc0a372c4df1441c41f5bd0c680b"
  integrity sha512-DPSke0pXhTZgoF/d+WSt2QaKMCFSfx7QegxEWT+JOuHF5aWrKEn0G+ztjuJg/gG8/ItK+rbPCD/yNv8yyih6Cg==

vite-plugin-node@^0.0.15:
  version "0.0.15"
  resolved "https://registry.yarnpkg.com/vite-plugin-node/-/vite-plugin-node-0.0.15.tgz#6dc070b034342b598c0f778ebd05178418a54ad2"
  integrity sha512-lVOL4SbBozedjC1NS3KQq4wDU+9OLn29B4AZJwmCyDvDMHS4VMTtjeUMpb11/sLm86YlXA0VeTB92uGeAaN9Yw==
  dependencies:
    "@rollup/pluginutils" "^4.1.1"
    "@swc/core" "^1.2.93"
    chalk "^4.1.2"
    debug "^4.3.2"

vite@^2.6.2:
  version "2.7.10"
  resolved "https://registry.yarnpkg.com/vite/-/vite-2.7.10.tgz#d12c4c10e56a0ecf7890cb529c15996c6111218f"
  integrity sha512-KEY96ntXUid1/xJihJbgmLZx7QSC2D4Tui0FdS0Old5OokYzFclcofhtxtjDdGOk/fFpPbHv9yw88+rB93Tb8w==
  dependencies:
    esbuild "^0.13.12"
    postcss "^8.4.5"
    resolve "^1.20.0"
    rollup "^2.59.0"
  optionalDependencies:
    fsevents "~2.3.2"

ws@~7.4.6:
  version "7.4.6"
  resolved "https://registry.yarnpkg.com/ws/-/ws-7.4.6.tgz#5654ca8ecdeee47c33a9a4bf6d28e2be2980377c"
  integrity sha512-YmhHDO4MzaDLB+M9ym/mDA5z0naX8j7SIlT8f8z+I0VtzsRbekxEutHSme7NPS2qE8StCYQNUnfWdXta/Yu85A==
